// !$*UTF8*$!
{
	archiveVersion = 1;
	classes = {
	};
	objectVersion = 50;
	objects = {

/* Begin PBXBuildFile section */
		B177C48320A9768B00CD9CBE /* AppDelegate.swift in Sources */ = {isa = PBXBuildFile; fileRef = B177C48220A9768B00CD9CBE /* AppDelegate.swift */; };
		B177C48520A9768B00CD9CBE /* ViewController.swift in Sources */ = {isa = PBXBuildFile; fileRef = B177C48420A9768B00CD9CBE /* ViewController.swift */; };
		B177C48820A9768B00CD9CBE /* Main.storyboard in Resources */ = {isa = PBXBuildFile; fileRef = B177C48620A9768B00CD9CBE /* Main.storyboard */; };
		B177C48A20A9768B00CD9CBE /* Assets.xcassets in Resources */ = {isa = PBXBuildFile; fileRef = B177C48920A9768B00CD9CBE /* Assets.xcassets */; };
		B177C48D20A9768B00CD9CBE /* LaunchScreen.storyboard in Resources */ = {isa = PBXBuildFile; fileRef = B177C48B20A9768B00CD9CBE /* LaunchScreen.storyboard */; };
		B177C49820A9768B00CD9CBE /* Final_ChallengeTests.swift in Sources */ = {isa = PBXBuildFile; fileRef = B177C49720A9768B00CD9CBE /* Final_ChallengeTests.swift */; };
		B177C4A320A9768B00CD9CBE /* Final_ChallengeUITests.swift in Sources */ = {isa = PBXBuildFile; fileRef = B177C4A220A9768B00CD9CBE /* Final_ChallengeUITests.swift */; };
/* End PBXBuildFile section */

/* Begin PBXContainerItemProxy section */
		B177C49420A9768B00CD9CBE /* PBXContainerItemProxy */ = {
			isa = PBXContainerItemProxy;
			containerPortal = B177C47720A9768B00CD9CBE /* Project object */;
			proxyType = 1;
			remoteGlobalIDString = B177C47E20A9768B00CD9CBE;
			remoteInfo = "Final Challenge";
		};
		B177C49F20A9768B00CD9CBE /* PBXContainerItemProxy */ = {
			isa = PBXContainerItemProxy;
			containerPortal = B177C47720A9768B00CD9CBE /* Project object */;
			proxyType = 1;
			remoteGlobalIDString = B177C47E20A9768B00CD9CBE;
			remoteInfo = "Final Challenge";
		};
/* End PBXContainerItemProxy section */

/* Begin PBXFileReference section */
		B177C47F20A9768B00CD9CBE /* Final Challenge.app */ = {isa = PBXFileReference; explicitFileType = wrapper.application; includeInIndex = 0; path = "Final Challenge.app"; sourceTree = BUILT_PRODUCTS_DIR; };
		B177C48220A9768B00CD9CBE /* AppDelegate.swift */ = {isa = PBXFileReference; lastKnownFileType = sourcecode.swift; path = AppDelegate.swift; sourceTree = "<group>"; };
		B177C48420A9768B00CD9CBE /* ViewController.swift */ = {isa = PBXFileReference; lastKnownFileType = sourcecode.swift; path = ViewController.swift; sourceTree = "<group>"; };
		B177C48720A9768B00CD9CBE /* Base */ = {isa = PBXFileReference; lastKnownFileType = file.storyboard; name = Base; path = Base.lproj/Main.storyboard; sourceTree = "<group>"; };
		B177C48920A9768B00CD9CBE /* Assets.xcassets */ = {isa = PBXFileReference; lastKnownFileType = folder.assetcatalog; path = Assets.xcassets; sourceTree = "<group>"; };
		B177C48C20A9768B00CD9CBE /* Base */ = {isa = PBXFileReference; lastKnownFileType = file.storyboard; name = Base; path = Base.lproj/LaunchScreen.storyboard; sourceTree = "<group>"; };
		B177C48E20A9768B00CD9CBE /* Info.plist */ = {isa = PBXFileReference; lastKnownFileType = text.plist.xml; path = Info.plist; sourceTree = "<group>"; };
		B177C49320A9768B00CD9CBE /* Final ChallengeTests.xctest */ = {isa = PBXFileReference; explicitFileType = wrapper.cfbundle; includeInIndex = 0; path = "Final ChallengeTests.xctest"; sourceTree = BUILT_PRODUCTS_DIR; };
		B177C49720A9768B00CD9CBE /* Final_ChallengeTests.swift */ = {isa = PBXFileReference; lastKnownFileType = sourcecode.swift; path = Final_ChallengeTests.swift; sourceTree = "<group>"; };
		B177C49920A9768B00CD9CBE /* Info.plist */ = {isa = PBXFileReference; lastKnownFileType = text.plist.xml; path = Info.plist; sourceTree = "<group>"; };
		B177C49E20A9768B00CD9CBE /* Final ChallengeUITests.xctest */ = {isa = PBXFileReference; explicitFileType = wrapper.cfbundle; includeInIndex = 0; path = "Final ChallengeUITests.xctest"; sourceTree = BUILT_PRODUCTS_DIR; };
		B177C4A220A9768B00CD9CBE /* Final_ChallengeUITests.swift */ = {isa = PBXFileReference; lastKnownFileType = sourcecode.swift; path = Final_ChallengeUITests.swift; sourceTree = "<group>"; };
		B177C4A420A9768B00CD9CBE /* Info.plist */ = {isa = PBXFileReference; lastKnownFileType = text.plist.xml; path = Info.plist; sourceTree = "<group>"; };
/* End PBXFileReference section */

/* Begin PBXFrameworksBuildPhase section */
		B177C47C20A9768B00CD9CBE /* Frameworks */ = {
			isa = PBXFrameworksBuildPhase;
			buildActionMask = 2147483647;
			files = (
			);
			runOnlyForDeploymentPostprocessing = 0;
		};
		B177C49020A9768B00CD9CBE /* Frameworks */ = {
			isa = PBXFrameworksBuildPhase;
			buildActionMask = 2147483647;
			files = (
			);
			runOnlyForDeploymentPostprocessing = 0;
		};
		B177C49B20A9768B00CD9CBE /* Frameworks */ = {
			isa = PBXFrameworksBuildPhase;
			buildActionMask = 2147483647;
			files = (
			);
			runOnlyForDeploymentPostprocessing = 0;
		};
/* End PBXFrameworksBuildPhase section */

/* Begin PBXGroup section */
		B177C47620A9768B00CD9CBE = {
			isa = PBXGroup;
			children = (
				B177C48120A9768B00CD9CBE /* Final Challenge */,
				B177C49620A9768B00CD9CBE /* Final ChallengeTests */,
				B177C4A120A9768B00CD9CBE /* Final ChallengeUITests */,
				B177C48020A9768B00CD9CBE /* Products */,
			);
			sourceTree = "<group>";
		};
		B177C48020A9768B00CD9CBE /* Products */ = {
			isa = PBXGroup;
			children = (
				B177C47F20A9768B00CD9CBE /* Final Challenge.app */,
				B177C49320A9768B00CD9CBE /* Final ChallengeTests.xctest */,
				B177C49E20A9768B00CD9CBE /* Final ChallengeUITests.xctest */,
			);
			name = Products;
			sourceTree = "<group>";
		};
		B177C48120A9768B00CD9CBE /* Final Challenge */ = {
			isa = PBXGroup;
			children = (
				B177C48220A9768B00CD9CBE /* AppDelegate.swift */,
				B177C48420A9768B00CD9CBE /* ViewController.swift */,
				B177C48620A9768B00CD9CBE /* Main.storyboard */,
				B177C48920A9768B00CD9CBE /* Assets.xcassets */,
				B177C48B20A9768B00CD9CBE /* LaunchScreen.storyboard */,
				B177C48E20A9768B00CD9CBE /* Info.plist */,
			);
			path = "Final Challenge";
			sourceTree = "<group>";
		};
		B177C49620A9768B00CD9CBE /* Final ChallengeTests */ = {
			isa = PBXGroup;
			children = (
				B177C49720A9768B00CD9CBE /* Final_ChallengeTests.swift */,
				B177C49920A9768B00CD9CBE /* Info.plist */,
			);
			path = "Final ChallengeTests";
			sourceTree = "<group>";
		};
		B177C4A120A9768B00CD9CBE /* Final ChallengeUITests */ = {
			isa = PBXGroup;
			children = (
				B177C4A220A9768B00CD9CBE /* Final_ChallengeUITests.swift */,
				B177C4A420A9768B00CD9CBE /* Info.plist */,
			);
			path = "Final ChallengeUITests";
			sourceTree = "<group>";
		};
/* End PBXGroup section */

/* Begin PBXNativeTarget section */
		B177C47E20A9768B00CD9CBE /* Final Challenge */ = {
			isa = PBXNativeTarget;
			buildConfigurationList = B177C4A720A9768B00CD9CBE /* Build configuration list for PBXNativeTarget "Final Challenge" */;
			buildPhases = (
				B177C47B20A9768B00CD9CBE /* Sources */,
				B177C47C20A9768B00CD9CBE /* Frameworks */,
				B177C47D20A9768B00CD9CBE /* Resources */,
			);
			buildRules = (
			);
			dependencies = (
			);
			name = "Final Challenge";
			productName = "Final Challenge";
			productReference = B177C47F20A9768B00CD9CBE /* Final Challenge.app */;
			productType = "com.apple.product-type.application";
		};
		B177C49220A9768B00CD9CBE /* Final ChallengeTests */ = {
			isa = PBXNativeTarget;
			buildConfigurationList = B177C4AA20A9768B00CD9CBE /* Build configuration list for PBXNativeTarget "Final ChallengeTests" */;
			buildPhases = (
				B177C48F20A9768B00CD9CBE /* Sources */,
				B177C49020A9768B00CD9CBE /* Frameworks */,
				B177C49120A9768B00CD9CBE /* Resources */,
			);
			buildRules = (
			);
			dependencies = (
				B177C49520A9768B00CD9CBE /* PBXTargetDependency */,
			);
			name = "Final ChallengeTests";
			productName = "Final ChallengeTests";
			productReference = B177C49320A9768B00CD9CBE /* Final ChallengeTests.xctest */;
			productType = "com.apple.product-type.bundle.unit-test";
		};
		B177C49D20A9768B00CD9CBE /* Final ChallengeUITests */ = {
			isa = PBXNativeTarget;
			buildConfigurationList = B177C4AD20A9768B00CD9CBE /* Build configuration list for PBXNativeTarget "Final ChallengeUITests" */;
			buildPhases = (
				B177C49A20A9768B00CD9CBE /* Sources */,
				B177C49B20A9768B00CD9CBE /* Frameworks */,
				B177C49C20A9768B00CD9CBE /* Resources */,
			);
			buildRules = (
			);
			dependencies = (
				B177C4A020A9768B00CD9CBE /* PBXTargetDependency */,
			);
			name = "Final ChallengeUITests";
			productName = "Final ChallengeUITests";
			productReference = B177C49E20A9768B00CD9CBE /* Final ChallengeUITests.xctest */;
			productType = "com.apple.product-type.bundle.ui-testing";
		};
/* End PBXNativeTarget section */

/* Begin PBXProject section */
		B177C47720A9768B00CD9CBE /* Project object */ = {
			isa = PBXProject;
			attributes = {
				LastSwiftUpdateCheck = 0930;
				LastUpgradeCheck = 0930;
				ORGANIZATIONNAME = "Gian Marco Orlando";
				TargetAttributes = {
					B177C47E20A9768B00CD9CBE = {
						CreatedOnToolsVersion = 9.3.1;
					};
					B177C49220A9768B00CD9CBE = {
						CreatedOnToolsVersion = 9.3.1;
						TestTargetID = B177C47E20A9768B00CD9CBE;
					};
					B177C49D20A9768B00CD9CBE = {
						CreatedOnToolsVersion = 9.3.1;
						TestTargetID = B177C47E20A9768B00CD9CBE;
					};
				};
			};
			buildConfigurationList = B177C47A20A9768B00CD9CBE /* Build configuration list for PBXProject "Final Challenge" */;
			compatibilityVersion = "Xcode 9.3";
			developmentRegion = en;
			hasScannedForEncodings = 0;
			knownRegions = (
				en,
				Base,
			);
			mainGroup = B177C47620A9768B00CD9CBE;
			productRefGroup = B177C48020A9768B00CD9CBE /* Products */;
			projectDirPath = "";
			projectRoot = "";
			targets = (
				B177C47E20A9768B00CD9CBE /* Final Challenge */,
				B177C49220A9768B00CD9CBE /* Final ChallengeTests */,
				B177C49D20A9768B00CD9CBE /* Final ChallengeUITests */,
			);
		};
/* End PBXProject section */

/* Begin PBXResourcesBuildPhase section */
		B177C47D20A9768B00CD9CBE /* Resources */ = {
			isa = PBXResourcesBuildPhase;
			buildActionMask = 2147483647;
			files = (
				B177C48D20A9768B00CD9CBE /* LaunchScreen.storyboard in Resources */,
				B177C48A20A9768B00CD9CBE /* Assets.xcassets in Resources */,
				B177C48820A9768B00CD9CBE /* Main.storyboard in Resources */,
			);
			runOnlyForDeploymentPostprocessing = 0;
		};
		B177C49120A9768B00CD9CBE /* Resources */ = {
			isa = PBXResourcesBuildPhase;
			buildActionMask = 2147483647;
			files = (
			);
			runOnlyForDeploymentPostprocessing = 0;
		};
		B177C49C20A9768B00CD9CBE /* Resources */ = {
			isa = PBXResourcesBuildPhase;
			buildActionMask = 2147483647;
			files = (
			);
			runOnlyForDeploymentPostprocessing = 0;
		};
/* End PBXResourcesBuildPhase section */

/* Begin PBXSourcesBuildPhase section */
		B177C47B20A9768B00CD9CBE /* Sources */ = {
			isa = PBXSourcesBuildPhase;
			buildActionMask = 2147483647;
			files = (
				B177C48520A9768B00CD9CBE /* ViewController.swift in Sources */,
				B177C48320A9768B00CD9CBE /* AppDelegate.swift in Sources */,
			);
			runOnlyForDeploymentPostprocessing = 0;
		};
		B177C48F20A9768B00CD9CBE /* Sources */ = {
			isa = PBXSourcesBuildPhase;
			buildActionMask = 2147483647;
			files = (
				B177C49820A9768B00CD9CBE /* Final_ChallengeTests.swift in Sources */,
			);
			runOnlyForDeploymentPostprocessing = 0;
		};
		B177C49A20A9768B00CD9CBE /* Sources */ = {
			isa = PBXSourcesBuildPhase;
			buildActionMask = 2147483647;
			files = (
				B177C4A320A9768B00CD9CBE /* Final_ChallengeUITests.swift in Sources */,
			);
			runOnlyForDeploymentPostprocessing = 0;
		};
/* End PBXSourcesBuildPhase section */

/* Begin PBXTargetDependency section */
		B177C49520A9768B00CD9CBE /* PBXTargetDependency */ = {
			isa = PBXTargetDependency;
			target = B177C47E20A9768B00CD9CBE /* Final Challenge */;
			targetProxy = B177C49420A9768B00CD9CBE /* PBXContainerItemProxy */;
		};
		B177C4A020A9768B00CD9CBE /* PBXTargetDependency */ = {
			isa = PBXTargetDependency;
			target = B177C47E20A9768B00CD9CBE /* Final Challenge */;
			targetProxy = B177C49F20A9768B00CD9CBE /* PBXContainerItemProxy */;
		};
/* End PBXTargetDependency section */

/* Begin PBXVariantGroup section */
		B177C48620A9768B00CD9CBE /* Main.storyboard */ = {
			isa = PBXVariantGroup;
			children = (
				B177C48720A9768B00CD9CBE /* Base */,
			);
			name = Main.storyboard;
			sourceTree = "<group>";
		};
		B177C48B20A9768B00CD9CBE /* LaunchScreen.storyboard */ = {
			isa = PBXVariantGroup;
			children = (
				B177C48C20A9768B00CD9CBE /* Base */,
			);
			name = LaunchScreen.storyboard;
			sourceTree = "<group>";
		};
/* End PBXVariantGroup section */

/* Begin XCBuildConfiguration section */
		B177C4A520A9768B00CD9CBE /* Debug */ = {
			isa = XCBuildConfiguration;
			buildSettings = {
				ALWAYS_SEARCH_USER_PATHS = NO;
				CLANG_ANALYZER_NONNULL = YES;
				CLANG_ANALYZER_NUMBER_OBJECT_CONVERSION = YES_AGGRESSIVE;
				CLANG_CXX_LANGUAGE_STANDARD = "gnu++14";
				CLANG_CXX_LIBRARY = "libc++";
				CLANG_ENABLE_MODULES = YES;
				CLANG_ENABLE_OBJC_ARC = YES;
				CLANG_ENABLE_OBJC_WEAK = YES;
				CLANG_WARN_BLOCK_CAPTURE_AUTORELEASING = YES;
				CLANG_WARN_BOOL_CONVERSION = YES;
				CLANG_WARN_COMMA = YES;
				CLANG_WARN_CONSTANT_CONVERSION = YES;
				CLANG_WARN_DEPRECATED_OBJC_IMPLEMENTATIONS = YES;
				CLANG_WARN_DIRECT_OBJC_ISA_USAGE = YES_ERROR;
				CLANG_WARN_DOCUMENTATION_COMMENTS = YES;
				CLANG_WARN_EMPTY_BODY = YES;
				CLANG_WARN_ENUM_CONVERSION = YES;
				CLANG_WARN_INFINITE_RECURSION = YES;
				CLANG_WARN_INT_CONVERSION = YES;
				CLANG_WARN_NON_LITERAL_NULL_CONVERSION = YES;
				CLANG_WARN_OBJC_IMPLICIT_RETAIN_SELF = YES;
				CLANG_WARN_OBJC_LITERAL_CONVERSION = YES;
				CLANG_WARN_OBJC_ROOT_CLASS = YES_ERROR;
				CLANG_WARN_RANGE_LOOP_ANALYSIS = YES;
				CLANG_WARN_STRICT_PROTOTYPES = YES;
				CLANG_WARN_SUSPICIOUS_MOVE = YES;
				CLANG_WARN_UNGUARDED_AVAILABILITY = YES_AGGRESSIVE;
				CLANG_WARN_UNREACHABLE_CODE = YES;
				CLANG_WARN__DUPLICATE_METHOD_MATCH = YES;
				CODE_SIGN_IDENTITY = "iPhone Developer";
				COPY_PHASE_STRIP = NO;
				DEBUG_INFORMATION_FORMAT = dwarf;
				ENABLE_STRICT_OBJC_MSGSEND = YES;
				ENABLE_TESTABILITY = YES;
				GCC_C_LANGUAGE_STANDARD = gnu11;
				GCC_DYNAMIC_NO_PIC = NO;
				GCC_NO_COMMON_BLOCKS = YES;
				GCC_OPTIMIZATION_LEVEL = 0;
				GCC_PREPROCESSOR_DEFINITIONS = (
					"DEBUG=1",
					"$(inherited)",
				);
				GCC_WARN_64_TO_32_BIT_CONVERSION = YES;
				GCC_WARN_ABOUT_RETURN_TYPE = YES_ERROR;
				GCC_WARN_UNDECLARED_SELECTOR = YES;
				GCC_WARN_UNINITIALIZED_AUTOS = YES_AGGRESSIVE;
				GCC_WARN_UNUSED_FUNCTION = YES;
				GCC_WARN_UNUSED_VARIABLE = YES;
				IPHONEOS_DEPLOYMENT_TARGET = 11.3;
				MTL_ENABLE_DEBUG_INFO = YES;
				ONLY_ACTIVE_ARCH = YES;
				SDKROOT = iphoneos;
				SWIFT_ACTIVE_COMPILATION_CONDITIONS = DEBUG;
				SWIFT_OPTIMIZATION_LEVEL = "-Onone";
			};
			name = Debug;
		};
		B177C4A620A9768B00CD9CBE /* Release */ = {
			isa = XCBuildConfiguration;
			buildSettings = {
				ALWAYS_SEARCH_USER_PATHS = NO;
				CLANG_ANALYZER_NONNULL = YES;
				CLANG_ANALYZER_NUMBER_OBJECT_CONVERSION = YES_AGGRESSIVE;
				CLANG_CXX_LANGUAGE_STANDARD = "gnu++14";
				CLANG_CXX_LIBRARY = "libc++";
				CLANG_ENABLE_MODULES = YES;
				CLANG_ENABLE_OBJC_ARC = YES;
				CLANG_ENABLE_OBJC_WEAK = YES;
				CLANG_WARN_BLOCK_CAPTURE_AUTORELEASING = YES;
				CLANG_WARN_BOOL_CONVERSION = YES;
				CLANG_WARN_COMMA = YES;
				CLANG_WARN_CONSTANT_CONVERSION = YES;
				CLANG_WARN_DEPRECATED_OBJC_IMPLEMENTATIONS = YES;
				CLANG_WARN_DIRECT_OBJC_ISA_USAGE = YES_ERROR;
				CLANG_WARN_DOCUMENTATION_COMMENTS = YES;
				CLANG_WARN_EMPTY_BODY = YES;
				CLANG_WARN_ENUM_CONVERSION = YES;
				CLANG_WARN_INFINITE_RECURSION = YES;
				CLANG_WARN_INT_CONVERSION = YES;
				CLANG_WARN_NON_LITERAL_NULL_CONVERSION = YES;
				CLANG_WARN_OBJC_IMPLICIT_RETAIN_SELF = YES;
				CLANG_WARN_OBJC_LITERAL_CONVERSION = YES;
				CLANG_WARN_OBJC_ROOT_CLASS = YES_ERROR;
				CLANG_WARN_RANGE_LOOP_ANALYSIS = YES;
				CLANG_WARN_STRICT_PROTOTYPES = YES;
				CLANG_WARN_SUSPICIOUS_MOVE = YES;
				CLANG_WARN_UNGUARDED_AVAILABILITY = YES_AGGRESSIVE;
				CLANG_WARN_UNREACHABLE_CODE = YES;
				CLANG_WARN__DUPLICATE_METHOD_MATCH = YES;
				CODE_SIGN_IDENTITY = "iPhone Developer";
				COPY_PHASE_STRIP = NO;
				DEBUG_INFORMATION_FORMAT = "dwarf-with-dsym";
				ENABLE_NS_ASSERTIONS = NO;
				ENABLE_STRICT_OBJC_MSGSEND = YES;
				GCC_C_LANGUAGE_STANDARD = gnu11;
				GCC_NO_COMMON_BLOCKS = YES;
				GCC_WARN_64_TO_32_BIT_CONVERSION = YES;
				GCC_WARN_ABOUT_RETURN_TYPE = YES_ERROR;
				GCC_WARN_UNDECLARED_SELECTOR = YES;
				GCC_WARN_UNINITIALIZED_AUTOS = YES_AGGRESSIVE;
				GCC_WARN_UNUSED_FUNCTION = YES;
				GCC_WARN_UNUSED_VARIABLE = YES;
				IPHONEOS_DEPLOYMENT_TARGET = 11.3;
				MTL_ENABLE_DEBUG_INFO = NO;
				SDKROOT = iphoneos;
				SWIFT_COMPILATION_MODE = wholemodule;
				SWIFT_OPTIMIZATION_LEVEL = "-O";
				VALIDATE_PRODUCT = YES;
			};
			name = Release;
		};
		B177C4A820A9768B00CD9CBE /* Debug */ = {
			isa = XCBuildConfiguration;
			buildSettings = {
				ASSETCATALOG_COMPILER_APPICON_NAME = AppIcon;
				CODE_SIGN_STYLE = Automatic;
				DEVELOPMENT_TEAM = S8Z9T4225J;
				INFOPLIST_FILE = "Final Challenge/Info.plist";
				LD_RUNPATH_SEARCH_PATHS = (
					"$(inherited)",
					"@executable_path/Frameworks",
				);
				PRODUCT_BUNDLE_IDENTIFIER = "Gian-Marco-Orlando.Final-Challenge";
				PRODUCT_NAME = "$(TARGET_NAME)";
				SWIFT_VERSION = 4.0;
				TARGETED_DEVICE_FAMILY = "1,2";
			};
			name = Debug;
		};
		B177C4A920A9768B00CD9CBE /* Release */ = {
			isa = XCBuildConfiguration;
			buildSettings = {
				ASSETCATALOG_COMPILER_APPICON_NAME = AppIcon;
				CODE_SIGN_STYLE = Automatic;
				DEVELOPMENT_TEAM = S8Z9T4225J;
				INFOPLIST_FILE = "Final Challenge/Info.plist";
				LD_RUNPATH_SEARCH_PATHS = (
					"$(inherited)",
					"@executable_path/Frameworks",
				);
				PRODUCT_BUNDLE_IDENTIFIER = "Gian-Marco-Orlando.Final-Challenge";
				PRODUCT_NAME = "$(TARGET_NAME)";
				SWIFT_VERSION = 4.0;
				TARGETED_DEVICE_FAMILY = "1,2";
			};
			name = Release;
		};
		B177C4AB20A9768B00CD9CBE /* Debug */ = {
			isa = XCBuildConfiguration;
			buildSettings = {
				ALWAYS_EMBED_SWIFT_STANDARD_LIBRARIES = YES;
				BUNDLE_LOADER = "$(TEST_HOST)";
				CODE_SIGN_STYLE = Automatic;
				DEVELOPMENT_TEAM = S8Z9T4225J;
				INFOPLIST_FILE = "Final ChallengeTests/Info.plist";
				LD_RUNPATH_SEARCH_PATHS = (
					"$(inherited)",
					"@executable_path/Frameworks",
					"@loader_path/Frameworks",
				);
				PRODUCT_BUNDLE_IDENTIFIER = "Gian-Marco-Orlando.Final-ChallengeTests";
				PRODUCT_NAME = "$(TARGET_NAME)";
				SWIFT_VERSION = 4.0;
				TARGETED_DEVICE_FAMILY = "1,2";
				TEST_HOST = "$(BUILT_PRODUCTS_DIR)/Final Challenge.app/Final Challenge";
			};
			name = Debug;
		};
		B177C4AC20A9768B00CD9CBE /* Release */ = {
			isa = XCBuildConfiguration;
			buildSettings = {
				ALWAYS_EMBED_SWIFT_STANDARD_LIBRARIES = YES;
				BUNDLE_LOADER = "$(TEST_HOST)";
				CODE_SIGN_STYLE = Automatic;
				DEVELOPMENT_TEAM = S8Z9T4225J;
				INFOPLIST_FILE = "Final ChallengeTests/Info.plist";
				LD_RUNPATH_SEARCH_PATHS = (
					"$(inherited)",
					"@executable_path/Frameworks",
					"@loader_path/Frameworks",
				);
				PRODUCT_BUNDLE_IDENTIFIER = "Gian-Marco-Orlando.Final-ChallengeTests";
				PRODUCT_NAME = "$(TARGET_NAME)";
				SWIFT_VERSION = 4.0;
				TARGETED_DEVICE_FAMILY = "1,2";
				TEST_HOST = "$(BUILT_PRODUCTS_DIR)/Final Challenge.app/Final Challenge";
			};
			name = Release;
		};
		B177C4AE20A9768B00CD9CBE /* Debug */ = {
			isa = XCBuildConfiguration;
			buildSettings = {
				ALWAYS_EMBED_SWIFT_STANDARD_LIBRARIES = YES;
				CODE_SIGN_STYLE = Automatic;
				DEVELOPMENT_TEAM = S8Z9T4225J;
				INFOPLIST_FILE = "Final ChallengeUITests/Info.plist";
				LD_RUNPATH_SEARCH_PATHS = (
					"$(inherited)",
					"@executable_path/Frameworks",
					"@loader_path/Frameworks",
				);
				PRODUCT_BUNDLE_IDENTIFIER = "Gian-Marco-Orlando.Final-ChallengeUITests";
				PRODUCT_NAME = "$(TARGET_NAME)";
				SWIFT_VERSION = 4.0;
				TARGETED_DEVICE_FAMILY = "1,2";
				TEST_TARGET_NAME = "Final Challenge";
			};
			name = Debug;
		};
		B177C4AF20A9768B00CD9CBE /* Release */ = {
			isa = XCBuildConfiguration;
			buildSettings = {
				ALWAYS_EMBED_SWIFT_STANDARD_LIBRARIES = YES;
				CODE_SIGN_STYLE = Automatic;
				DEVELOPMENT_TEAM = S8Z9T4225J;
				INFOPLIST_FILE = "Final ChallengeUITests/Info.plist";
				LD_RUNPATH_SEARCH_PATHS = (
					"$(inherited)",
					"@executable_path/Frameworks",
					"@loader_path/Frameworks",
				);
				PRODUCT_BUNDLE_IDENTIFIER = "Gian-Marco-Orlando.Final-ChallengeUITests";
				PRODUCT_NAME = "$(TARGET_NAME)";
				SWIFT_VERSION = 4.0;
				TARGETED_DEVICE_FAMILY = "1,2";
				TEST_TARGET_NAME = "Final Challenge";
			};
			name = Release;
		};
/* End XCBuildConfiguration section */

/* Begin XCConfigurationList section */
		B177C47A20A9768B00CD9CBE /* Build configuration list for PBXProject "Final Challenge" */ = {
			isa = XCConfigurationList;
			buildConfigurations = (
				B177C4A520A9768B00CD9CBE /* Debug */,
				B177C4A620A9768B00CD9CBE /* Release */,
			);
			defaultConfigurationIsVisible = 0;
			defaultConfigurationName = Release;
		};
		B177C4A720A9768B00CD9CBE /* Build configuration list for PBXNativeTarget "Final Challenge" */ = {
			isa = XCConfigurationList;
			buildConfigurations = (
				B177C4A820A9768B00CD9CBE /* Debug */,
				B177C4A920A9768B00CD9CBE /* Release */,
			);
			defaultConfigurationIsVisible = 0;
			defaultConfigurationName = Release;
		};
		B177C4AA20A9768B00CD9CBE /* Build configuration list for PBXNativeTarget "Final ChallengeTests" */ = {
			isa = XCConfigurationList;
			buildConfigurations = (
				B177C4AB20A9768B00CD9CBE /* Debug */,
				B177C4AC20A9768B00CD9CBE /* Release */,
			);
			defaultConfigurationIsVisible = 0;
			defaultConfigurationName = Release;
		};
		B177C4AD20A9768B00CD9CBE /* Build configuration list for PBXNativeTarget "Final ChallengeUITests" */ = {
			isa = XCConfigurationList;
			buildConfigurations = (
				B177C4AE20A9768B00CD9CBE /* Debug */,
				B177C4AF20A9768B00CD9CBE /* Release */,
			);
			defaultConfigurationIsVisible = 0;
			defaultConfigurationName = Release;
		};
/* End XCConfigurationList section */
	};
	rootObject = B177C47720A9768B00CD9CBE /* Project object */;
}
