// !$*UTF8*$!
{
	archiveVersion = 1;
	classes = {
	};
	objectVersion = 50;
	objects = {

/* Begin PBXBuildFile section */
		652742B220B701AD0027D862 /* Roadmap.swift in Sources */ = {isa = PBXBuildFile; fileRef = A0BBA9C820B2F932008AE848 /* Roadmap.swift */; };
		652742B320B701AD0027D862 /* Enumerations.swift in Sources */ = {isa = PBXBuildFile; fileRef = A0BBA9CC20B2FD4C008AE848 /* Enumerations.swift */; };
		652742B420B701AD0027D862 /* Node.swift in Sources */ = {isa = PBXBuildFile; fileRef = A0BBA9CE20B30419008AE848 /* Node.swift */; };
		652742B520B701AD0027D862 /* Tag.swift in Sources */ = {isa = PBXBuildFile; fileRef = 7BEA03C820B3624B0048F108 /* Tag.swift */; };
		652742B620B701AD0027D862 /* Step.swift in Sources */ = {isa = PBXBuildFile; fileRef = A0BBA9D020B3068B008AE848 /* Step.swift */; };
		652742B720B701BA0027D862 /* SubscribedRoadmap.swift in Sources */ = {isa = PBXBuildFile; fileRef = A0BBA9D920B30A48008AE848 /* SubscribedRoadmap.swift */; };
		652742B820B701BA0027D862 /* WritableRoadmap.swift in Sources */ = {isa = PBXBuildFile; fileRef = A0BBA9DB20B30BD8008AE848 /* WritableRoadmap.swift */; };
		652742B920B701BA0027D862 /* CloudKitManager.swift in Sources */ = {isa = PBXBuildFile; fileRef = 7B5BCB5E20B57E5900B66CEE /* CloudKitManager.swift */; };
		652742BA20B701BA0027D862 /* DatabaseInterface.swift in Sources */ = {isa = PBXBuildFile; fileRef = 7B91051520B6B955001005AA /* DatabaseInterface.swift */; };
		652742BC20B702440027D862 /* Sharable.swift in Sources */ = {isa = PBXBuildFile; fileRef = A0BBA9CA20B2FAF2008AE848 /* Sharable.swift */; };
		652742BD20B702440027D862 /* Updatable.swift in Sources */ = {isa = PBXBuildFile; fileRef = A0BBA9D220B30845008AE848 /* Updatable.swift */; };
		652742BE20B702440027D862 /* Writable.swift in Sources */ = {isa = PBXBuildFile; fileRef = A0BBA9D520B30967008AE848 /* Writable.swift */; };
		652742BF20B702440027D862 /* NodeManager.swift in Sources */ = {isa = PBXBuildFile; fileRef = A0BBA9D720B309C0008AE848 /* NodeManager.swift */; };
		652742C020B702440027D862 /* Taggable.swift in Sources */ = {isa = PBXBuildFile; fileRef = 7BEA03C620B361310048F108 /* Taggable.swift */; };
		6527432E20B760F20027D862 /* ExploreViewController.swift in Sources */ = {isa = PBXBuildFile; fileRef = 6527432D20B760F20027D862 /* ExploreViewController.swift */; };
		652A615520BBFD1C00A101B3 /* CDUsedUUID+CoreDataClass.swift in Sources */ = {isa = PBXBuildFile; fileRef = 652A614D20BBFD1C00A101B3 /* CDUsedUUID+CoreDataClass.swift */; };
		652A615620BBFD1C00A101B3 /* CDUsedUUID+CoreDataClass.swift in Sources */ = {isa = PBXBuildFile; fileRef = 652A614D20BBFD1C00A101B3 /* CDUsedUUID+CoreDataClass.swift */; };
		652A615720BBFD1C00A101B3 /* CDUsedUUID+CoreDataProperties.swift in Sources */ = {isa = PBXBuildFile; fileRef = 652A614E20BBFD1C00A101B3 /* CDUsedUUID+CoreDataProperties.swift */; };
		652A615820BBFD1C00A101B3 /* CDUsedUUID+CoreDataProperties.swift in Sources */ = {isa = PBXBuildFile; fileRef = 652A614E20BBFD1C00A101B3 /* CDUsedUUID+CoreDataProperties.swift */; };
		652A615920BBFD1C00A101B3 /* CDStep+CoreDataClass.swift in Sources */ = {isa = PBXBuildFile; fileRef = 652A614F20BBFD1C00A101B3 /* CDStep+CoreDataClass.swift */; };
		652A615A20BBFD1C00A101B3 /* CDStep+CoreDataClass.swift in Sources */ = {isa = PBXBuildFile; fileRef = 652A614F20BBFD1C00A101B3 /* CDStep+CoreDataClass.swift */; };
		652A615B20BBFD1C00A101B3 /* CDStep+CoreDataProperties.swift in Sources */ = {isa = PBXBuildFile; fileRef = 652A615020BBFD1C00A101B3 /* CDStep+CoreDataProperties.swift */; };
		652A615C20BBFD1C00A101B3 /* CDStep+CoreDataProperties.swift in Sources */ = {isa = PBXBuildFile; fileRef = 652A615020BBFD1C00A101B3 /* CDStep+CoreDataProperties.swift */; };
		652A615D20BBFD1C00A101B3 /* CDRoadmap+CoreDataClass.swift in Sources */ = {isa = PBXBuildFile; fileRef = 652A615120BBFD1C00A101B3 /* CDRoadmap+CoreDataClass.swift */; };
		652A615E20BBFD1C00A101B3 /* CDRoadmap+CoreDataClass.swift in Sources */ = {isa = PBXBuildFile; fileRef = 652A615120BBFD1C00A101B3 /* CDRoadmap+CoreDataClass.swift */; };
		652A615F20BBFD1C00A101B3 /* CDRoadmap+CoreDataProperties.swift in Sources */ = {isa = PBXBuildFile; fileRef = 652A615220BBFD1C00A101B3 /* CDRoadmap+CoreDataProperties.swift */; };
		652A616020BBFD1C00A101B3 /* CDRoadmap+CoreDataProperties.swift in Sources */ = {isa = PBXBuildFile; fileRef = 652A615220BBFD1C00A101B3 /* CDRoadmap+CoreDataProperties.swift */; };
		652A616120BBFD1C00A101B3 /* CDNode+CoreDataClass.swift in Sources */ = {isa = PBXBuildFile; fileRef = 652A615320BBFD1C00A101B3 /* CDNode+CoreDataClass.swift */; };
		652A616220BBFD1C00A101B3 /* CDNode+CoreDataClass.swift in Sources */ = {isa = PBXBuildFile; fileRef = 652A615320BBFD1C00A101B3 /* CDNode+CoreDataClass.swift */; };
		652A616320BBFD1C00A101B3 /* CDNode+CoreDataProperties.swift in Sources */ = {isa = PBXBuildFile; fileRef = 652A615420BBFD1C00A101B3 /* CDNode+CoreDataProperties.swift */; };
		652A616420BBFD1C00A101B3 /* CDNode+CoreDataProperties.swift in Sources */ = {isa = PBXBuildFile; fileRef = 652A615420BBFD1C00A101B3 /* CDNode+CoreDataProperties.swift */; };
		65355ECE20B54F3C00031B6C /* StringExtensions.swift in Sources */ = {isa = PBXBuildFile; fileRef = 65355ECD20B54F3C00031B6C /* StringExtensions.swift */; };
		65593DC420B306C7001D6F46 /* StringExtension.swift in Sources */ = {isa = PBXBuildFile; fileRef = 65593DC320B306C7001D6F46 /* StringExtension.swift */; };
		655B0B0E20BC0F2E00CD73B0 /* Constants.swift in Sources */ = {isa = PBXBuildFile; fileRef = 655B0B0D20BC0F2E00CD73B0 /* Constants.swift */; };
		655B0B0F20BC0F2E00CD73B0 /* Constants.swift in Sources */ = {isa = PBXBuildFile; fileRef = 655B0B0D20BC0F2E00CD73B0 /* Constants.swift */; };
		65A0BC7D20B40D5B00BFC766 /* BoilerpipeAnswerStructure.swift in Sources */ = {isa = PBXBuildFile; fileRef = 65A0BC7C20B40D5B00BFC766 /* BoilerpipeAnswerStructure.swift */; };
		65A0BC7F20B4103600BFC766 /* NetworkManager.swift in Sources */ = {isa = PBXBuildFile; fileRef = 65A0BC7E20B4103600BFC766 /* NetworkManager.swift */; };
		65EA50E220B5795D008BCBFB /* Persistence.xcdatamodeld in Sources */ = {isa = PBXBuildFile; fileRef = 65EA50E020B5795D008BCBFB /* Persistence.xcdatamodeld */; };
		65EA50E320B5795D008BCBFB /* Persistence.xcdatamodeld in Sources */ = {isa = PBXBuildFile; fileRef = 65EA50E020B5795D008BCBFB /* Persistence.xcdatamodeld */; };
		65EA50F820B6CFEC008BCBFB /* CoreDataController+Stack.swift in Sources */ = {isa = PBXBuildFile; fileRef = 65EA50F720B6CFEC008BCBFB /* CoreDataController+Stack.swift */; };
		65EA50FA20B6D1F6008BCBFB /* AppDelegate.swift in Sources */ = {isa = PBXBuildFile; fileRef = B177C48220A9768B00CD9CBE /* AppDelegate.swift */; };
		65EA50FB20B6D26E008BCBFB /* CoreDataController+Stack.swift in Sources */ = {isa = PBXBuildFile; fileRef = 65EA50F720B6CFEC008BCBFB /* CoreDataController+Stack.swift */; };
		7B5BCB5F20B57E5900B66CEE /* CloudKitManager.swift in Sources */ = {isa = PBXBuildFile; fileRef = 7B5BCB5E20B57E5900B66CEE /* CloudKitManager.swift */; };
		7B91051620B6B955001005AA /* DatabaseInterface.swift in Sources */ = {isa = PBXBuildFile; fileRef = 7B91051520B6B955001005AA /* DatabaseInterface.swift */; };
		7BB104AC20AEBF1000A203A1 /* Buongiorno.swift in Sources */ = {isa = PBXBuildFile; fileRef = 7BB104AB20AEBF1000A203A1 /* Buongiorno.swift */; };
		7BEA03C720B361310048F108 /* Taggable.swift in Sources */ = {isa = PBXBuildFile; fileRef = 7BEA03C620B361310048F108 /* Taggable.swift */; };
		7BEA03C920B3624B0048F108 /* Tag.swift in Sources */ = {isa = PBXBuildFile; fileRef = 7BEA03C820B3624B0048F108 /* Tag.swift */; };
		9002AAE720B2BDAA00854015 /* RoadmapsTableViewController.swift in Sources */ = {isa = PBXBuildFile; fileRef = 9002AAE620B2BDAA00854015 /* RoadmapsTableViewController.swift */; };
		9002AAF220B2BFC000854015 /* HeaderTableViewCell.swift in Sources */ = {isa = PBXBuildFile; fileRef = 9002AAF020B2BFC000854015 /* HeaderTableViewCell.swift */; };
		9002AAF320B2BFC000854015 /* HeaderTableViewCell.xib in Resources */ = {isa = PBXBuildFile; fileRef = 9002AAF120B2BFC000854015 /* HeaderTableViewCell.xib */; };
		9002AAF920B401EB00854015 /* CollectionTableViewCell.swift in Sources */ = {isa = PBXBuildFile; fileRef = 9002AAF820B401EB00854015 /* CollectionTableViewCell.swift */; };
		9002AAFD20B40C4400854015 /* CustomCollectionViewCell.swift in Sources */ = {isa = PBXBuildFile; fileRef = 9002AAFB20B40C4400854015 /* CustomCollectionViewCell.swift */; };
		9002AAFE20B40C4400854015 /* CustomCollectionViewCell.xib in Resources */ = {isa = PBXBuildFile; fileRef = 9002AAFC20B40C4400854015 /* CustomCollectionViewCell.xib */; };
		904C8FD520B57D2D00D0E27D /* ResourcesTableViewController.swift in Sources */ = {isa = PBXBuildFile; fileRef = 904C8FD420B57D2D00D0E27D /* ResourcesTableViewController.swift */; };
		904C8FD720B57ED200D0E27D /* ResourcesCollectionTableViewCell.swift in Sources */ = {isa = PBXBuildFile; fileRef = 904C8FD620B57ED200D0E27D /* ResourcesCollectionTableViewCell.swift */; };
		904C8FDC20B5818A00D0E27D /* ResourcesCustomCollectionViewCell.swift in Sources */ = {isa = PBXBuildFile; fileRef = 904C8FDA20B5818A00D0E27D /* ResourcesCustomCollectionViewCell.swift */; };
		904C8FDD20B5818A00D0E27D /* ResourcesCustomCollectionViewCell.xib in Resources */ = {isa = PBXBuildFile; fileRef = 904C8FDB20B5818A00D0E27D /* ResourcesCustomCollectionViewCell.xib */; };
		90525F9F20B6A7D1006D3093 /* Roadmaps.storyboard in Resources */ = {isa = PBXBuildFile; fileRef = 90525F9A20B6A7D1006D3093 /* Roadmaps.storyboard */; };
		90525FA020B6A7D1006D3093 /* Researches.storyboard in Resources */ = {isa = PBXBuildFile; fileRef = 90525F9B20B6A7D1006D3093 /* Researches.storyboard */; };
		90525FA120B6A7D1006D3093 /* Main.storyboard in Resources */ = {isa = PBXBuildFile; fileRef = 90525F9C20B6A7D1006D3093 /* Main.storyboard */; };
		90525FA220B6A7D1006D3093 /* Explore.storyboard in Resources */ = {isa = PBXBuildFile; fileRef = 90525F9E20B6A7D1006D3093 /* Explore.storyboard */; };
		A0BBA9C920B2F932008AE848 /* Roadmap.swift in Sources */ = {isa = PBXBuildFile; fileRef = A0BBA9C820B2F932008AE848 /* Roadmap.swift */; };
		A0BBA9CB20B2FAF2008AE848 /* Sharable.swift in Sources */ = {isa = PBXBuildFile; fileRef = A0BBA9CA20B2FAF2008AE848 /* Sharable.swift */; };
		A0BBA9CD20B2FD4C008AE848 /* Enumerations.swift in Sources */ = {isa = PBXBuildFile; fileRef = A0BBA9CC20B2FD4C008AE848 /* Enumerations.swift */; };
		A0BBA9CF20B30419008AE848 /* Node.swift in Sources */ = {isa = PBXBuildFile; fileRef = A0BBA9CE20B30419008AE848 /* Node.swift */; };
		A0BBA9D120B3068B008AE848 /* Step.swift in Sources */ = {isa = PBXBuildFile; fileRef = A0BBA9D020B3068B008AE848 /* Step.swift */; };
		A0BBA9D320B30845008AE848 /* Updatable.swift in Sources */ = {isa = PBXBuildFile; fileRef = A0BBA9D220B30845008AE848 /* Updatable.swift */; };
		A0BBA9D620B30967008AE848 /* Writable.swift in Sources */ = {isa = PBXBuildFile; fileRef = A0BBA9D520B30967008AE848 /* Writable.swift */; };
		A0BBA9D820B309C0008AE848 /* NodeManager.swift in Sources */ = {isa = PBXBuildFile; fileRef = A0BBA9D720B309C0008AE848 /* NodeManager.swift */; };
		A0BBA9DA20B30A48008AE848 /* SubscribedRoadmap.swift in Sources */ = {isa = PBXBuildFile; fileRef = A0BBA9D920B30A48008AE848 /* SubscribedRoadmap.swift */; };
		A0BBA9DC20B30BD8008AE848 /* WritableRoadmap.swift in Sources */ = {isa = PBXBuildFile; fileRef = A0BBA9DB20B30BD8008AE848 /* WritableRoadmap.swift */; };
		B10552F320AD7C230077983A /* ShareViewController.swift in Sources */ = {isa = PBXBuildFile; fileRef = B10552F220AD7C230077983A /* ShareViewController.swift */; };
		B10552F620AD7C230077983A /* MainInterface.storyboard in Resources */ = {isa = PBXBuildFile; fileRef = B10552F420AD7C230077983A /* MainInterface.storyboard */; };
		B105530020AD7C430077983A /* GetURL.js in Resources */ = {isa = PBXBuildFile; fileRef = B10552FF20AD7C430077983A /* GetURL.js */; };
		B105530220AD7DEB0077983A /* RoadmapSE.swift in Sources */ = {isa = PBXBuildFile; fileRef = B105530120AD7DEB0077983A /* RoadmapSE.swift */; };
		B105530420AD7E160077983A /* ShareSelectViewController.swift in Sources */ = {isa = PBXBuildFile; fileRef = B105530320AD7E160077983A /* ShareSelectViewController.swift */; };
		B10927AF20B83F6900113D47 /* Safari Extension.appex in Embed App Extensions */ = {isa = PBXBuildFile; fileRef = B10552F020AD7C230077983A /* Safari Extension.appex */; settings = {ATTRIBUTES = (RemoveHeadersOnCopy, ); }; };
		B111196E20B571DF007FDFB5 /* CloudKit.framework in Frameworks */ = {isa = PBXBuildFile; fileRef = B111196D20B571DF007FDFB5 /* CloudKit.framework */; };
		B127492820BB332100C4420C /* AddResource.storyboard in Resources */ = {isa = PBXBuildFile; fileRef = B127492720BB332100C4420C /* AddResource.storyboard */; };
		B127492A20BB337A00C4420C /* AddResourceTableViewController.swift in Sources */ = {isa = PBXBuildFile; fileRef = B127492920BB337A00C4420C /* AddResourceTableViewController.swift */; };
		B127492D20BB33BA00C4420C /* AddResourceTableViewCell.swift in Sources */ = {isa = PBXBuildFile; fileRef = B127492B20BB33BA00C4420C /* AddResourceTableViewCell.swift */; };
		B127492E20BB33BA00C4420C /* AddResourceTableViewCell.xib in Resources */ = {isa = PBXBuildFile; fileRef = B127492C20BB33BA00C4420C /* AddResourceTableViewCell.xib */; };
		B127493120BB417F00C4420C /* AddTagsTableViewCell.swift in Sources */ = {isa = PBXBuildFile; fileRef = B127492F20BB417F00C4420C /* AddTagsTableViewCell.swift */; };
		B127493220BB417F00C4420C /* AddTagsTableViewCell.xib in Resources */ = {isa = PBXBuildFile; fileRef = B127493020BB417F00C4420C /* AddTagsTableViewCell.xib */; };
		B1608B4F20B6B69C00701508 /* Links.storyboard in Resources */ = {isa = PBXBuildFile; fileRef = B1608B4E20B6B69C00701508 /* Links.storyboard */; };
		B1608B5320B6B8A300701508 /* LinksTableViewController.swift in Sources */ = {isa = PBXBuildFile; fileRef = B1608B5220B6B8A300701508 /* LinksTableViewController.swift */; };
		B1608B5620B6C58A00701508 /* CustomLinksTableViewCell.swift in Sources */ = {isa = PBXBuildFile; fileRef = B1608B5420B6C58A00701508 /* CustomLinksTableViewCell.swift */; };
		B1608B5720B6C58A00701508 /* CustomLinksTableViewCell.xib in Resources */ = {isa = PBXBuildFile; fileRef = B1608B5520B6C58A00701508 /* CustomLinksTableViewCell.xib */; };
		B1608B5920B7114900701508 /* UIColorExtension.swift in Sources */ = {isa = PBXBuildFile; fileRef = B1608B5820B7114900701508 /* UIColorExtension.swift */; };
		B1608B5A20B7115900701508 /* UIColorExtension.swift in Sources */ = {isa = PBXBuildFile; fileRef = B1608B5820B7114900701508 /* UIColorExtension.swift */; };
		B177C48320A9768B00CD9CBE /* AppDelegate.swift in Sources */ = {isa = PBXBuildFile; fileRef = B177C48220A9768B00CD9CBE /* AppDelegate.swift */; };
		B177C48520A9768B00CD9CBE /* ViewController.swift in Sources */ = {isa = PBXBuildFile; fileRef = B177C48420A9768B00CD9CBE /* ViewController.swift */; };
		B177C48A20A9768B00CD9CBE /* Assets.xcassets in Resources */ = {isa = PBXBuildFile; fileRef = B177C48920A9768B00CD9CBE /* Assets.xcassets */; };
		B177C48D20A9768B00CD9CBE /* LaunchScreen.storyboard in Resources */ = {isa = PBXBuildFile; fileRef = B177C48B20A9768B00CD9CBE /* LaunchScreen.storyboard */; };
		B177C49820A9768B00CD9CBE /* Final_ChallengeTests.swift in Sources */ = {isa = PBXBuildFile; fileRef = B177C49720A9768B00CD9CBE /* Final_ChallengeTests.swift */; };
		B177C4A320A9768B00CD9CBE /* Final_ChallengeUITests.swift in Sources */ = {isa = PBXBuildFile; fileRef = B177C4A220A9768B00CD9CBE /* Final_ChallengeUITests.swift */; };
		B18B9A8520BC12B8004FA469 /* UITextFieldExtension.swift in Sources */ = {isa = PBXBuildFile; fileRef = B18B9A8420BC12B8004FA469 /* UITextFieldExtension.swift */; };
/* End PBXBuildFile section */

/* Begin PBXContainerItemProxy section */
		B10927B020B83F6900113D47 /* PBXContainerItemProxy */ = {
			isa = PBXContainerItemProxy;
			containerPortal = B177C47720A9768B00CD9CBE /* Project object */;
			proxyType = 1;
			remoteGlobalIDString = B10552EF20AD7C230077983A;
			remoteInfo = "Safari Extension";
		};
		B177C49420A9768B00CD9CBE /* PBXContainerItemProxy */ = {
			isa = PBXContainerItemProxy;
			containerPortal = B177C47720A9768B00CD9CBE /* Project object */;
			proxyType = 1;
			remoteGlobalIDString = B177C47E20A9768B00CD9CBE;
			remoteInfo = "Final Challenge";
		};
		B177C49F20A9768B00CD9CBE /* PBXContainerItemProxy */ = {
			isa = PBXContainerItemProxy;
			containerPortal = B177C47720A9768B00CD9CBE /* Project object */;
			proxyType = 1;
			remoteGlobalIDString = B177C47E20A9768B00CD9CBE;
			remoteInfo = "Final Challenge";
		};
/* End PBXContainerItemProxy section */

/* Begin PBXCopyFilesBuildPhase section */
		B10927B220B83F6A00113D47 /* Embed App Extensions */ = {
			isa = PBXCopyFilesBuildPhase;
			buildActionMask = 2147483647;
			dstPath = "";
			dstSubfolderSpec = 13;
			files = (
				B10927AF20B83F6900113D47 /* Safari Extension.appex in Embed App Extensions */,
			);
			name = "Embed App Extensions";
			runOnlyForDeploymentPostprocessing = 0;
		};
/* End PBXCopyFilesBuildPhase section */

/* Begin PBXFileReference section */
		6527432D20B760F20027D862 /* ExploreViewController.swift */ = {isa = PBXFileReference; lastKnownFileType = sourcecode.swift; path = ExploreViewController.swift; sourceTree = "<group>"; };
		652A614D20BBFD1C00A101B3 /* CDUsedUUID+CoreDataClass.swift */ = {isa = PBXFileReference; lastKnownFileType = sourcecode.swift; path = "CDUsedUUID+CoreDataClass.swift"; sourceTree = "<group>"; };
		652A614E20BBFD1C00A101B3 /* CDUsedUUID+CoreDataProperties.swift */ = {isa = PBXFileReference; lastKnownFileType = sourcecode.swift; path = "CDUsedUUID+CoreDataProperties.swift"; sourceTree = "<group>"; };
		652A614F20BBFD1C00A101B3 /* CDStep+CoreDataClass.swift */ = {isa = PBXFileReference; lastKnownFileType = sourcecode.swift; path = "CDStep+CoreDataClass.swift"; sourceTree = "<group>"; };
		652A615020BBFD1C00A101B3 /* CDStep+CoreDataProperties.swift */ = {isa = PBXFileReference; lastKnownFileType = sourcecode.swift; path = "CDStep+CoreDataProperties.swift"; sourceTree = "<group>"; };
		652A615120BBFD1C00A101B3 /* CDRoadmap+CoreDataClass.swift */ = {isa = PBXFileReference; lastKnownFileType = sourcecode.swift; path = "CDRoadmap+CoreDataClass.swift"; sourceTree = "<group>"; };
		652A615220BBFD1C00A101B3 /* CDRoadmap+CoreDataProperties.swift */ = {isa = PBXFileReference; lastKnownFileType = sourcecode.swift; path = "CDRoadmap+CoreDataProperties.swift"; sourceTree = "<group>"; };
		652A615320BBFD1C00A101B3 /* CDNode+CoreDataClass.swift */ = {isa = PBXFileReference; lastKnownFileType = sourcecode.swift; path = "CDNode+CoreDataClass.swift"; sourceTree = "<group>"; };
		652A615420BBFD1C00A101B3 /* CDNode+CoreDataProperties.swift */ = {isa = PBXFileReference; lastKnownFileType = sourcecode.swift; path = "CDNode+CoreDataProperties.swift"; sourceTree = "<group>"; };
		65355ECD20B54F3C00031B6C /* StringExtensions.swift */ = {isa = PBXFileReference; lastKnownFileType = sourcecode.swift; path = StringExtensions.swift; sourceTree = "<group>"; };
		65593DC320B306C7001D6F46 /* StringExtension.swift */ = {isa = PBXFileReference; lastKnownFileType = sourcecode.swift; path = StringExtension.swift; sourceTree = "<group>"; };
		655B0B0D20BC0F2E00CD73B0 /* Constants.swift */ = {isa = PBXFileReference; lastKnownFileType = sourcecode.swift; path = Constants.swift; sourceTree = "<group>"; };
		65A0BC7C20B40D5B00BFC766 /* BoilerpipeAnswerStructure.swift */ = {isa = PBXFileReference; lastKnownFileType = sourcecode.swift; path = BoilerpipeAnswerStructure.swift; sourceTree = "<group>"; };
		65A0BC7E20B4103600BFC766 /* NetworkManager.swift */ = {isa = PBXFileReference; lastKnownFileType = sourcecode.swift; path = NetworkManager.swift; sourceTree = "<group>"; };
		65EA50E120B5795D008BCBFB /* Persistence.xcdatamodel */ = {isa = PBXFileReference; lastKnownFileType = wrapper.xcdatamodel; path = Persistence.xcdatamodel; sourceTree = "<group>"; };
		65EA50F720B6CFEC008BCBFB /* CoreDataController+Stack.swift */ = {isa = PBXFileReference; lastKnownFileType = sourcecode.swift; path = "CoreDataController+Stack.swift"; sourceTree = "<group>"; };
		7B5BCB5E20B57E5900B66CEE /* CloudKitManager.swift */ = {isa = PBXFileReference; lastKnownFileType = sourcecode.swift; path = CloudKitManager.swift; sourceTree = "<group>"; };
		7B91051520B6B955001005AA /* DatabaseInterface.swift */ = {isa = PBXFileReference; lastKnownFileType = sourcecode.swift; path = DatabaseInterface.swift; sourceTree = "<group>"; };
		7BB104AB20AEBF1000A203A1 /* Buongiorno.swift */ = {isa = PBXFileReference; lastKnownFileType = sourcecode.swift; path = Buongiorno.swift; sourceTree = "<group>"; };
		7BEA03C620B361310048F108 /* Taggable.swift */ = {isa = PBXFileReference; lastKnownFileType = sourcecode.swift; path = Taggable.swift; sourceTree = "<group>"; };
		7BEA03C820B3624B0048F108 /* Tag.swift */ = {isa = PBXFileReference; lastKnownFileType = sourcecode.swift; path = Tag.swift; sourceTree = "<group>"; };
		9002AAE620B2BDAA00854015 /* RoadmapsTableViewController.swift */ = {isa = PBXFileReference; lastKnownFileType = sourcecode.swift; name = RoadmapsTableViewController.swift; path = "Final Challenge/Controller/RoadmapsTableViewController.swift"; sourceTree = SOURCE_ROOT; };
		9002AAF020B2BFC000854015 /* HeaderTableViewCell.swift */ = {isa = PBXFileReference; lastKnownFileType = sourcecode.swift; path = HeaderTableViewCell.swift; sourceTree = "<group>"; };
		9002AAF120B2BFC000854015 /* HeaderTableViewCell.xib */ = {isa = PBXFileReference; lastKnownFileType = file.xib; path = HeaderTableViewCell.xib; sourceTree = "<group>"; };
		9002AAF820B401EB00854015 /* CollectionTableViewCell.swift */ = {isa = PBXFileReference; lastKnownFileType = sourcecode.swift; path = CollectionTableViewCell.swift; sourceTree = "<group>"; };
		9002AAFB20B40C4400854015 /* CustomCollectionViewCell.swift */ = {isa = PBXFileReference; lastKnownFileType = sourcecode.swift; path = CustomCollectionViewCell.swift; sourceTree = "<group>"; };
		9002AAFC20B40C4400854015 /* CustomCollectionViewCell.xib */ = {isa = PBXFileReference; lastKnownFileType = file.xib; path = CustomCollectionViewCell.xib; sourceTree = "<group>"; };
		904C8FD420B57D2D00D0E27D /* ResourcesTableViewController.swift */ = {isa = PBXFileReference; lastKnownFileType = sourcecode.swift; path = ResourcesTableViewController.swift; sourceTree = "<group>"; };
		904C8FD620B57ED200D0E27D /* ResourcesCollectionTableViewCell.swift */ = {isa = PBXFileReference; lastKnownFileType = sourcecode.swift; path = ResourcesCollectionTableViewCell.swift; sourceTree = "<group>"; };
		904C8FDA20B5818A00D0E27D /* ResourcesCustomCollectionViewCell.swift */ = {isa = PBXFileReference; lastKnownFileType = sourcecode.swift; path = ResourcesCustomCollectionViewCell.swift; sourceTree = "<group>"; };
		904C8FDB20B5818A00D0E27D /* ResourcesCustomCollectionViewCell.xib */ = {isa = PBXFileReference; lastKnownFileType = file.xib; path = ResourcesCustomCollectionViewCell.xib; sourceTree = "<group>"; };
		90525F9A20B6A7D1006D3093 /* Roadmaps.storyboard */ = {isa = PBXFileReference; fileEncoding = 4; lastKnownFileType = file.storyboard; path = Roadmaps.storyboard; sourceTree = "<group>"; };
		90525F9B20B6A7D1006D3093 /* Researches.storyboard */ = {isa = PBXFileReference; fileEncoding = 4; lastKnownFileType = file.storyboard; path = Researches.storyboard; sourceTree = "<group>"; };
		90525F9D20B6A7D1006D3093 /* Base */ = {isa = PBXFileReference; lastKnownFileType = file.storyboard; name = Base; path = Base.lproj/Main.storyboard; sourceTree = "<group>"; };
		90525F9E20B6A7D1006D3093 /* Explore.storyboard */ = {isa = PBXFileReference; fileEncoding = 4; lastKnownFileType = file.storyboard; path = Explore.storyboard; sourceTree = "<group>"; };
		A0BBA9C820B2F932008AE848 /* Roadmap.swift */ = {isa = PBXFileReference; lastKnownFileType = sourcecode.swift; path = Roadmap.swift; sourceTree = "<group>"; };
		A0BBA9CA20B2FAF2008AE848 /* Sharable.swift */ = {isa = PBXFileReference; lastKnownFileType = sourcecode.swift; path = Sharable.swift; sourceTree = "<group>"; };
		A0BBA9CC20B2FD4C008AE848 /* Enumerations.swift */ = {isa = PBXFileReference; lastKnownFileType = sourcecode.swift; path = Enumerations.swift; sourceTree = "<group>"; };
		A0BBA9CE20B30419008AE848 /* Node.swift */ = {isa = PBXFileReference; lastKnownFileType = sourcecode.swift; path = Node.swift; sourceTree = "<group>"; };
		A0BBA9D020B3068B008AE848 /* Step.swift */ = {isa = PBXFileReference; lastKnownFileType = sourcecode.swift; path = Step.swift; sourceTree = "<group>"; };
		A0BBA9D220B30845008AE848 /* Updatable.swift */ = {isa = PBXFileReference; lastKnownFileType = sourcecode.swift; path = Updatable.swift; sourceTree = "<group>"; };
		A0BBA9D520B30967008AE848 /* Writable.swift */ = {isa = PBXFileReference; lastKnownFileType = sourcecode.swift; path = Writable.swift; sourceTree = "<group>"; };
		A0BBA9D720B309C0008AE848 /* NodeManager.swift */ = {isa = PBXFileReference; lastKnownFileType = sourcecode.swift; path = NodeManager.swift; sourceTree = "<group>"; };
		A0BBA9D920B30A48008AE848 /* SubscribedRoadmap.swift */ = {isa = PBXFileReference; lastKnownFileType = sourcecode.swift; path = SubscribedRoadmap.swift; sourceTree = "<group>"; };
		A0BBA9DB20B30BD8008AE848 /* WritableRoadmap.swift */ = {isa = PBXFileReference; lastKnownFileType = sourcecode.swift; path = WritableRoadmap.swift; sourceTree = "<group>"; };
		B10552F020AD7C230077983A /* Safari Extension.appex */ = {isa = PBXFileReference; explicitFileType = "wrapper.app-extension"; includeInIndex = 0; path = "Safari Extension.appex"; sourceTree = BUILT_PRODUCTS_DIR; };
		B10552F220AD7C230077983A /* ShareViewController.swift */ = {isa = PBXFileReference; lastKnownFileType = sourcecode.swift; path = ShareViewController.swift; sourceTree = "<group>"; };
		B10552F520AD7C230077983A /* Base */ = {isa = PBXFileReference; lastKnownFileType = file.storyboard; name = Base; path = Base.lproj/MainInterface.storyboard; sourceTree = "<group>"; };
		B10552F720AD7C230077983A /* Info.plist */ = {isa = PBXFileReference; lastKnownFileType = text.plist.xml; path = Info.plist; sourceTree = "<group>"; };
		B10552FF20AD7C430077983A /* GetURL.js */ = {isa = PBXFileReference; lastKnownFileType = sourcecode.javascript; path = GetURL.js; sourceTree = "<group>"; };
		B105530120AD7DEB0077983A /* RoadmapSE.swift */ = {isa = PBXFileReference; lastKnownFileType = sourcecode.swift; path = RoadmapSE.swift; sourceTree = "<group>"; };
		B105530320AD7E160077983A /* ShareSelectViewController.swift */ = {isa = PBXFileReference; lastKnownFileType = sourcecode.swift; path = ShareSelectViewController.swift; sourceTree = "<group>"; };
		B111196B20B57167007FDFB5 /* Final Challenge.entitlements */ = {isa = PBXFileReference; lastKnownFileType = text.plist.entitlements; path = "Final Challenge.entitlements"; sourceTree = "<group>"; };
		B111196D20B571DF007FDFB5 /* CloudKit.framework */ = {isa = PBXFileReference; lastKnownFileType = wrapper.framework; name = CloudKit.framework; path = System/Library/Frameworks/CloudKit.framework; sourceTree = SDKROOT; };
		B127492720BB332100C4420C /* AddResource.storyboard */ = {isa = PBXFileReference; lastKnownFileType = file.storyboard; path = AddResource.storyboard; sourceTree = "<group>"; };
		B127492920BB337A00C4420C /* AddResourceTableViewController.swift */ = {isa = PBXFileReference; lastKnownFileType = sourcecode.swift; path = AddResourceTableViewController.swift; sourceTree = "<group>"; };
		B127492B20BB33BA00C4420C /* AddResourceTableViewCell.swift */ = {isa = PBXFileReference; lastKnownFileType = sourcecode.swift; path = AddResourceTableViewCell.swift; sourceTree = "<group>"; };
		B127492C20BB33BA00C4420C /* AddResourceTableViewCell.xib */ = {isa = PBXFileReference; lastKnownFileType = file.xib; path = AddResourceTableViewCell.xib; sourceTree = "<group>"; };
		B127492F20BB417F00C4420C /* AddTagsTableViewCell.swift */ = {isa = PBXFileReference; lastKnownFileType = sourcecode.swift; path = AddTagsTableViewCell.swift; sourceTree = "<group>"; };
		B127493020BB417F00C4420C /* AddTagsTableViewCell.xib */ = {isa = PBXFileReference; lastKnownFileType = file.xib; path = AddTagsTableViewCell.xib; sourceTree = "<group>"; };
		B1608B4E20B6B69C00701508 /* Links.storyboard */ = {isa = PBXFileReference; lastKnownFileType = file.storyboard; path = Links.storyboard; sourceTree = "<group>"; };
		B1608B5220B6B8A300701508 /* LinksTableViewController.swift */ = {isa = PBXFileReference; lastKnownFileType = sourcecode.swift; path = LinksTableViewController.swift; sourceTree = "<group>"; };
		B1608B5420B6C58A00701508 /* CustomLinksTableViewCell.swift */ = {isa = PBXFileReference; lastKnownFileType = sourcecode.swift; path = CustomLinksTableViewCell.swift; sourceTree = "<group>"; };
		B1608B5520B6C58A00701508 /* CustomLinksTableViewCell.xib */ = {isa = PBXFileReference; lastKnownFileType = file.xib; path = CustomLinksTableViewCell.xib; sourceTree = "<group>"; };
		B1608B5820B7114900701508 /* UIColorExtension.swift */ = {isa = PBXFileReference; lastKnownFileType = sourcecode.swift; path = UIColorExtension.swift; sourceTree = "<group>"; };
		B177C47F20A9768B00CD9CBE /* Final Challenge.app */ = {isa = PBXFileReference; explicitFileType = wrapper.application; includeInIndex = 0; path = "Final Challenge.app"; sourceTree = BUILT_PRODUCTS_DIR; };
		B177C48220A9768B00CD9CBE /* AppDelegate.swift */ = {isa = PBXFileReference; lastKnownFileType = sourcecode.swift; path = AppDelegate.swift; sourceTree = "<group>"; };
		B177C48420A9768B00CD9CBE /* ViewController.swift */ = {isa = PBXFileReference; lastKnownFileType = sourcecode.swift; path = ViewController.swift; sourceTree = "<group>"; };
		B177C48920A9768B00CD9CBE /* Assets.xcassets */ = {isa = PBXFileReference; lastKnownFileType = folder.assetcatalog; path = Assets.xcassets; sourceTree = "<group>"; };
		B177C48C20A9768B00CD9CBE /* Base */ = {isa = PBXFileReference; lastKnownFileType = file.storyboard; name = Base; path = Base.lproj/LaunchScreen.storyboard; sourceTree = "<group>"; };
		B177C48E20A9768B00CD9CBE /* Info.plist */ = {isa = PBXFileReference; lastKnownFileType = text.plist.xml; path = Info.plist; sourceTree = "<group>"; };
		B177C49320A9768B00CD9CBE /* Final ChallengeTests.xctest */ = {isa = PBXFileReference; explicitFileType = wrapper.cfbundle; includeInIndex = 0; path = "Final ChallengeTests.xctest"; sourceTree = BUILT_PRODUCTS_DIR; };
		B177C49720A9768B00CD9CBE /* Final_ChallengeTests.swift */ = {isa = PBXFileReference; lastKnownFileType = sourcecode.swift; path = Final_ChallengeTests.swift; sourceTree = "<group>"; };
		B177C49920A9768B00CD9CBE /* Info.plist */ = {isa = PBXFileReference; lastKnownFileType = text.plist.xml; path = Info.plist; sourceTree = "<group>"; };
		B177C49E20A9768B00CD9CBE /* Final ChallengeUITests.xctest */ = {isa = PBXFileReference; explicitFileType = wrapper.cfbundle; includeInIndex = 0; path = "Final ChallengeUITests.xctest"; sourceTree = BUILT_PRODUCTS_DIR; };
		B177C4A220A9768B00CD9CBE /* Final_ChallengeUITests.swift */ = {isa = PBXFileReference; lastKnownFileType = sourcecode.swift; path = Final_ChallengeUITests.swift; sourceTree = "<group>"; };
		B177C4A420A9768B00CD9CBE /* Info.plist */ = {isa = PBXFileReference; lastKnownFileType = text.plist.xml; path = Info.plist; sourceTree = "<group>"; };
		B18B9A8420BC12B8004FA469 /* UITextFieldExtension.swift */ = {isa = PBXFileReference; lastKnownFileType = sourcecode.swift; path = UITextFieldExtension.swift; sourceTree = "<group>"; };
/* End PBXFileReference section */

/* Begin PBXFrameworksBuildPhase section */
		B10552ED20AD7C230077983A /* Frameworks */ = {
			isa = PBXFrameworksBuildPhase;
			buildActionMask = 2147483647;
			files = (
			);
			runOnlyForDeploymentPostprocessing = 0;
		};
		B177C47C20A9768B00CD9CBE /* Frameworks */ = {
			isa = PBXFrameworksBuildPhase;
			buildActionMask = 2147483647;
			files = (
				B111196E20B571DF007FDFB5 /* CloudKit.framework in Frameworks */,
			);
			runOnlyForDeploymentPostprocessing = 0;
		};
		B177C49020A9768B00CD9CBE /* Frameworks */ = {
			isa = PBXFrameworksBuildPhase;
			buildActionMask = 2147483647;
			files = (
			);
			runOnlyForDeploymentPostprocessing = 0;
		};
		B177C49B20A9768B00CD9CBE /* Frameworks */ = {
			isa = PBXFrameworksBuildPhase;
			buildActionMask = 2147483647;
			files = (
			);
			runOnlyForDeploymentPostprocessing = 0;
		};
/* End PBXFrameworksBuildPhase section */

/* Begin PBXGroup section */
		65355ECC20B54F2100031B6C /* Helper */ = {
			isa = PBXGroup;
			children = (
				65355ECD20B54F3C00031B6C /* StringExtensions.swift */,
			);
			path = Helper;
			sourceTree = "<group>";
		};
		65593DC220B3069F001D6F46 /* Helper */ = {
			isa = PBXGroup;
			children = (
				65593DC320B306C7001D6F46 /* StringExtension.swift */,
				B1608B5820B7114900701508 /* UIColorExtension.swift */,
				B18B9A8420BC12B8004FA469 /* UITextFieldExtension.swift */,
			);
			path = Helper;
			sourceTree = "<group>";
		};
		65A0BC7B20B40D3500BFC766 /* Model */ = {
			isa = PBXGroup;
			children = (
				65A0BC7C20B40D5B00BFC766 /* BoilerpipeAnswerStructure.swift */,
				65A0BC7E20B4103600BFC766 /* NetworkManager.swift */,
			);
			path = Model;
			sourceTree = "<group>";
		};
		65EA50F620B6CF0C008BCBFB /* Storage */ = {
			isa = PBXGroup;
			children = (
				652A614D20BBFD1C00A101B3 /* CDUsedUUID+CoreDataClass.swift */,
				652A614E20BBFD1C00A101B3 /* CDUsedUUID+CoreDataProperties.swift */,
				652A614F20BBFD1C00A101B3 /* CDStep+CoreDataClass.swift */,
				652A615020BBFD1C00A101B3 /* CDStep+CoreDataProperties.swift */,
				652A615120BBFD1C00A101B3 /* CDRoadmap+CoreDataClass.swift */,
				652A615220BBFD1C00A101B3 /* CDRoadmap+CoreDataProperties.swift */,
				652A615320BBFD1C00A101B3 /* CDNode+CoreDataClass.swift */,
				652A615420BBFD1C00A101B3 /* CDNode+CoreDataProperties.swift */,
				65EA50E020B5795D008BCBFB /* Persistence.xcdatamodeld */,
				65EA50F720B6CFEC008BCBFB /* CoreDataController+Stack.swift */,
			);
			path = Storage;
			sourceTree = "<group>";
		};
		7BB104A620AEBE9000A203A1 /* Supporting Files */ = {
			isa = PBXGroup;
			children = (
				7BB104AB20AEBF1000A203A1 /* Buongiorno.swift */,
			);
			path = "Supporting Files";
			sourceTree = "<group>";
		};
		9002AAFA20B40C2500854015 /* CollectionCell */ = {
			isa = PBXGroup;
			children = (
				9002AAFB20B40C4400854015 /* CustomCollectionViewCell.swift */,
				9002AAFC20B40C4400854015 /* CustomCollectionViewCell.xib */,
				904C8FDA20B5818A00D0E27D /* ResourcesCustomCollectionViewCell.swift */,
				904C8FDB20B5818A00D0E27D /* ResourcesCustomCollectionViewCell.xib */,
				B1608B5420B6C58A00701508 /* CustomLinksTableViewCell.swift */,
				B1608B5520B6C58A00701508 /* CustomLinksTableViewCell.xib */,
				B127492B20BB33BA00C4420C /* AddResourceTableViewCell.swift */,
				B127492C20BB33BA00C4420C /* AddResourceTableViewCell.xib */,
				B127492F20BB417F00C4420C /* AddTagsTableViewCell.swift */,
				B127493020BB417F00C4420C /* AddTagsTableViewCell.xib */,
			);
			path = CollectionCell;
			sourceTree = "<group>";
		};
		90525F9920B6A7D1006D3093 /* Storyboards */ = {
			isa = PBXGroup;
			children = (
				90525F9A20B6A7D1006D3093 /* Roadmaps.storyboard */,
				90525F9B20B6A7D1006D3093 /* Researches.storyboard */,
				90525F9C20B6A7D1006D3093 /* Main.storyboard */,
				90525F9E20B6A7D1006D3093 /* Explore.storyboard */,
				B1608B4E20B6B69C00701508 /* Links.storyboard */,
				B127492720BB332100C4420C /* AddResource.storyboard */,
			);
			path = Storyboards;
			sourceTree = "<group>";
		};
		A0BBA9D420B30852008AE848 /* Protocols */ = {
			isa = PBXGroup;
			children = (
				A0BBA9CA20B2FAF2008AE848 /* Sharable.swift */,
				A0BBA9D220B30845008AE848 /* Updatable.swift */,
				A0BBA9D520B30967008AE848 /* Writable.swift */,
				A0BBA9D720B309C0008AE848 /* NodeManager.swift */,
				7BEA03C620B361310048F108 /* Taggable.swift */,
			);
			path = Protocols;
			sourceTree = "<group>";
		};
		B10552E520AD6EC50077983A /* View */ = {
			isa = PBXGroup;
			children = (
				9002AAFA20B40C2500854015 /* CollectionCell */,
				9002AAF020B2BFC000854015 /* HeaderTableViewCell.swift */,
				9002AAF120B2BFC000854015 /* HeaderTableViewCell.xib */,
				9002AAF820B401EB00854015 /* CollectionTableViewCell.swift */,
				904C8FD620B57ED200D0E27D /* ResourcesCollectionTableViewCell.swift */,
			);
			path = View;
			sourceTree = "<group>";
		};
		B10552E620AD6EE00077983A /* Model */ = {
			isa = PBXGroup;
			children = (
				A0BBA9D420B30852008AE848 /* Protocols */,
				A0BBA9C820B2F932008AE848 /* Roadmap.swift */,
				A0BBA9CC20B2FD4C008AE848 /* Enumerations.swift */,
				A0BBA9CE20B30419008AE848 /* Node.swift */,
				7BEA03C820B3624B0048F108 /* Tag.swift */,
				A0BBA9D020B3068B008AE848 /* Step.swift */,
				A0BBA9D920B30A48008AE848 /* SubscribedRoadmap.swift */,
				A0BBA9DB20B30BD8008AE848 /* WritableRoadmap.swift */,
				7B5BCB5E20B57E5900B66CEE /* CloudKitManager.swift */,
				7B91051520B6B955001005AA /* DatabaseInterface.swift */,
				655B0B0D20BC0F2E00CD73B0 /* Constants.swift */,
			);
			path = Model;
			sourceTree = "<group>";
		};
		B10552E720AD6F810077983A /* Controller */ = {
			isa = PBXGroup;
			children = (
				9002AAE620B2BDAA00854015 /* RoadmapsTableViewController.swift */,
				904C8FD420B57D2D00D0E27D /* ResourcesTableViewController.swift */,
				B1608B5220B6B8A300701508 /* LinksTableViewController.swift */,
				6527432D20B760F20027D862 /* ExploreViewController.swift */,
				B127492920BB337A00C4420C /* AddResourceTableViewController.swift */,
			);
			path = Controller;
			sourceTree = "<group>";
		};
		B10552F120AD7C230077983A /* Safari Extension */ = {
			isa = PBXGroup;
			children = (
				B10552F220AD7C230077983A /* ShareViewController.swift */,
				B105530320AD7E160077983A /* ShareSelectViewController.swift */,
				65355ECC20B54F2100031B6C /* Helper */,
				65A0BC7B20B40D3500BFC766 /* Model */,
				B105530120AD7DEB0077983A /* RoadmapSE.swift */,
				B10552FF20AD7C430077983A /* GetURL.js */,
				B10552F420AD7C230077983A /* MainInterface.storyboard */,
				B10552F720AD7C230077983A /* Info.plist */,
			);
			path = "Safari Extension";
			sourceTree = "<group>";
		};
		B111196C20B571DF007FDFB5 /* Frameworks */ = {
			isa = PBXGroup;
			children = (
				B111196D20B571DF007FDFB5 /* CloudKit.framework */,
			);
			name = Frameworks;
			sourceTree = "<group>";
		};
		B177C47620A9768B00CD9CBE = {
			isa = PBXGroup;
			children = (
				B177C48120A9768B00CD9CBE /* Final Challenge */,
				B177C49620A9768B00CD9CBE /* Final ChallengeTests */,
				B177C4A120A9768B00CD9CBE /* Final ChallengeUITests */,
				B10552F120AD7C230077983A /* Safari Extension */,
				B177C48020A9768B00CD9CBE /* Products */,
				B111196C20B571DF007FDFB5 /* Frameworks */,
			);
			sourceTree = "<group>";
		};
		B177C48020A9768B00CD9CBE /* Products */ = {
			isa = PBXGroup;
			children = (
				B177C47F20A9768B00CD9CBE /* Final Challenge.app */,
				B177C49320A9768B00CD9CBE /* Final ChallengeTests.xctest */,
				B177C49E20A9768B00CD9CBE /* Final ChallengeUITests.xctest */,
				B10552F020AD7C230077983A /* Safari Extension.appex */,
			);
			name = Products;
			sourceTree = "<group>";
		};
		B177C48120A9768B00CD9CBE /* Final Challenge */ = {
			isa = PBXGroup;
			children = (
				B111196B20B57167007FDFB5 /* Final Challenge.entitlements */,
				90525F9920B6A7D1006D3093 /* Storyboards */,
				65EA50F620B6CF0C008BCBFB /* Storage */,
				65593DC220B3069F001D6F46 /* Helper */,
				B10552E620AD6EE00077983A /* Model */,
				B10552E520AD6EC50077983A /* View */,
				B10552E720AD6F810077983A /* Controller */,
				7BB104A620AEBE9000A203A1 /* Supporting Files */,
				B177C48220A9768B00CD9CBE /* AppDelegate.swift */,
				B177C48420A9768B00CD9CBE /* ViewController.swift */,
				B177C48920A9768B00CD9CBE /* Assets.xcassets */,
				B177C48B20A9768B00CD9CBE /* LaunchScreen.storyboard */,
				B177C48E20A9768B00CD9CBE /* Info.plist */,
			);
			path = "Final Challenge";
			sourceTree = "<group>";
		};
		B177C49620A9768B00CD9CBE /* Final ChallengeTests */ = {
			isa = PBXGroup;
			children = (
				B177C49720A9768B00CD9CBE /* Final_ChallengeTests.swift */,
				B177C49920A9768B00CD9CBE /* Info.plist */,
			);
			path = "Final ChallengeTests";
			sourceTree = "<group>";
		};
		B177C4A120A9768B00CD9CBE /* Final ChallengeUITests */ = {
			isa = PBXGroup;
			children = (
				B177C4A220A9768B00CD9CBE /* Final_ChallengeUITests.swift */,
				B177C4A420A9768B00CD9CBE /* Info.plist */,
			);
			path = "Final ChallengeUITests";
			sourceTree = "<group>";
		};
/* End PBXGroup section */

/* Begin PBXNativeTarget section */
		B10552EF20AD7C230077983A /* Safari Extension */ = {
			isa = PBXNativeTarget;
			buildConfigurationList = B10552FB20AD7C230077983A /* Build configuration list for PBXNativeTarget "Safari Extension" */;
			buildPhases = (
				B10552EC20AD7C230077983A /* Sources */,
				B10552ED20AD7C230077983A /* Frameworks */,
				B10552EE20AD7C230077983A /* Resources */,
			);
			buildRules = (
			);
			dependencies = (
			);
			name = "Safari Extension";
			productName = "Safari Extension";
			productReference = B10552F020AD7C230077983A /* Safari Extension.appex */;
			productType = "com.apple.product-type.app-extension";
		};
		B177C47E20A9768B00CD9CBE /* Final Challenge */ = {
			isa = PBXNativeTarget;
			buildConfigurationList = B177C4A720A9768B00CD9CBE /* Build configuration list for PBXNativeTarget "Final Challenge" */;
			buildPhases = (
				B177C47B20A9768B00CD9CBE /* Sources */,
				B177C47C20A9768B00CD9CBE /* Frameworks */,
				B177C47D20A9768B00CD9CBE /* Resources */,
				B10927B220B83F6A00113D47 /* Embed App Extensions */,
			);
			buildRules = (
			);
			dependencies = (
				B10927B120B83F6900113D47 /* PBXTargetDependency */,
			);
			name = "Final Challenge";
			productName = "Final Challenge";
			productReference = B177C47F20A9768B00CD9CBE /* Final Challenge.app */;
			productType = "com.apple.product-type.application";
		};
		B177C49220A9768B00CD9CBE /* Final ChallengeTests */ = {
			isa = PBXNativeTarget;
			buildConfigurationList = B177C4AA20A9768B00CD9CBE /* Build configuration list for PBXNativeTarget "Final ChallengeTests" */;
			buildPhases = (
				B177C48F20A9768B00CD9CBE /* Sources */,
				B177C49020A9768B00CD9CBE /* Frameworks */,
				B177C49120A9768B00CD9CBE /* Resources */,
			);
			buildRules = (
			);
			dependencies = (
				B177C49520A9768B00CD9CBE /* PBXTargetDependency */,
			);
			name = "Final ChallengeTests";
			productName = "Final ChallengeTests";
			productReference = B177C49320A9768B00CD9CBE /* Final ChallengeTests.xctest */;
			productType = "com.apple.product-type.bundle.unit-test";
		};
		B177C49D20A9768B00CD9CBE /* Final ChallengeUITests */ = {
			isa = PBXNativeTarget;
			buildConfigurationList = B177C4AD20A9768B00CD9CBE /* Build configuration list for PBXNativeTarget "Final ChallengeUITests" */;
			buildPhases = (
				B177C49A20A9768B00CD9CBE /* Sources */,
				B177C49B20A9768B00CD9CBE /* Frameworks */,
				B177C49C20A9768B00CD9CBE /* Resources */,
			);
			buildRules = (
			);
			dependencies = (
				B177C4A020A9768B00CD9CBE /* PBXTargetDependency */,
			);
			name = "Final ChallengeUITests";
			productName = "Final ChallengeUITests";
			productReference = B177C49E20A9768B00CD9CBE /* Final ChallengeUITests.xctest */;
			productType = "com.apple.product-type.bundle.ui-testing";
		};
/* End PBXNativeTarget section */

/* Begin PBXProject section */
		B177C47720A9768B00CD9CBE /* Project object */ = {
			isa = PBXProject;
			attributes = {
				LastSwiftUpdateCheck = 0930;
				LastUpgradeCheck = 0930;
				ORGANIZATIONNAME = "Gian Marco Orlando";
				TargetAttributes = {
					B10552EF20AD7C230077983A = {
						CreatedOnToolsVersion = 9.3.1;
					};
					B177C47E20A9768B00CD9CBE = {
						CreatedOnToolsVersion = 9.3.1;
						SystemCapabilities = {
							com.apple.Push = {
								enabled = 1;
							};
							com.apple.iCloud = {
								enabled = 1;
							};
						};
					};
					B177C49220A9768B00CD9CBE = {
						CreatedOnToolsVersion = 9.3.1;
						TestTargetID = B177C47E20A9768B00CD9CBE;
					};
					B177C49D20A9768B00CD9CBE = {
						CreatedOnToolsVersion = 9.3.1;
						TestTargetID = B177C47E20A9768B00CD9CBE;
					};
				};
			};
			buildConfigurationList = B177C47A20A9768B00CD9CBE /* Build configuration list for PBXProject "Final Challenge" */;
			compatibilityVersion = "Xcode 9.3";
			developmentRegion = en;
			hasScannedForEncodings = 0;
			knownRegions = (
				en,
				Base,
			);
			mainGroup = B177C47620A9768B00CD9CBE;
			productRefGroup = B177C48020A9768B00CD9CBE /* Products */;
			projectDirPath = "";
			projectRoot = "";
			targets = (
				B177C47E20A9768B00CD9CBE /* Final Challenge */,
				B177C49220A9768B00CD9CBE /* Final ChallengeTests */,
				B177C49D20A9768B00CD9CBE /* Final ChallengeUITests */,
				B10552EF20AD7C230077983A /* Safari Extension */,
			);
		};
/* End PBXProject section */

/* Begin PBXResourcesBuildPhase section */
		B10552EE20AD7C230077983A /* Resources */ = {
			isa = PBXResourcesBuildPhase;
			buildActionMask = 2147483647;
			files = (
				B10552F620AD7C230077983A /* MainInterface.storyboard in Resources */,
				B105530020AD7C430077983A /* GetURL.js in Resources */,
			);
			runOnlyForDeploymentPostprocessing = 0;
		};
		B177C47D20A9768B00CD9CBE /* Resources */ = {
			isa = PBXResourcesBuildPhase;
			buildActionMask = 2147483647;
			files = (
				9002AAFE20B40C4400854015 /* CustomCollectionViewCell.xib in Resources */,
				B1608B5720B6C58A00701508 /* CustomLinksTableViewCell.xib in Resources */,
				904C8FDD20B5818A00D0E27D /* ResourcesCustomCollectionViewCell.xib in Resources */,
				B127492E20BB33BA00C4420C /* AddResourceTableViewCell.xib in Resources */,
				B177C48D20A9768B00CD9CBE /* LaunchScreen.storyboard in Resources */,
				90525FA220B6A7D1006D3093 /* Explore.storyboard in Resources */,
				90525FA120B6A7D1006D3093 /* Main.storyboard in Resources */,
				B127492820BB332100C4420C /* AddResource.storyboard in Resources */,
				B177C48A20A9768B00CD9CBE /* Assets.xcassets in Resources */,
				90525FA020B6A7D1006D3093 /* Researches.storyboard in Resources */,
				B127493220BB417F00C4420C /* AddTagsTableViewCell.xib in Resources */,
				90525F9F20B6A7D1006D3093 /* Roadmaps.storyboard in Resources */,
				9002AAF320B2BFC000854015 /* HeaderTableViewCell.xib in Resources */,
				B1608B4F20B6B69C00701508 /* Links.storyboard in Resources */,
			);
			runOnlyForDeploymentPostprocessing = 0;
		};
		B177C49120A9768B00CD9CBE /* Resources */ = {
			isa = PBXResourcesBuildPhase;
			buildActionMask = 2147483647;
			files = (
			);
			runOnlyForDeploymentPostprocessing = 0;
		};
		B177C49C20A9768B00CD9CBE /* Resources */ = {
			isa = PBXResourcesBuildPhase;
			buildActionMask = 2147483647;
			files = (
			);
			runOnlyForDeploymentPostprocessing = 0;
		};
/* End PBXResourcesBuildPhase section */

/* Begin PBXSourcesBuildPhase section */
		B10552EC20AD7C230077983A /* Sources */ = {
			isa = PBXSourcesBuildPhase;
			buildActionMask = 2147483647;
			files = (
				652742BA20B701BA0027D862 /* DatabaseInterface.swift in Sources */,
				652A616020BBFD1C00A101B3 /* CDRoadmap+CoreDataProperties.swift in Sources */,
				652A615C20BBFD1C00A101B3 /* CDStep+CoreDataProperties.swift in Sources */,
				652742C020B702440027D862 /* Taggable.swift in Sources */,
				652742BD20B702440027D862 /* Updatable.swift in Sources */,
				652A616220BBFD1C00A101B3 /* CDNode+CoreDataClass.swift in Sources */,
				65EA50FB20B6D26E008BCBFB /* CoreDataController+Stack.swift in Sources */,
				65355ECE20B54F3C00031B6C /* StringExtensions.swift in Sources */,
				652742B420B701AD0027D862 /* Node.swift in Sources */,
				652A616420BBFD1C00A101B3 /* CDNode+CoreDataProperties.swift in Sources */,
				652A615820BBFD1C00A101B3 /* CDUsedUUID+CoreDataProperties.swift in Sources */,
				652742BF20B702440027D862 /* NodeManager.swift in Sources */,
				652742B320B701AD0027D862 /* Enumerations.swift in Sources */,
				65EA50FA20B6D1F6008BCBFB /* AppDelegate.swift in Sources */,
				652742BE20B702440027D862 /* Writable.swift in Sources */,
				652742B820B701BA0027D862 /* WritableRoadmap.swift in Sources */,
				65A0BC7D20B40D5B00BFC766 /* BoilerpipeAnswerStructure.swift in Sources */,
				B105530220AD7DEB0077983A /* RoadmapSE.swift in Sources */,
				652742B920B701BA0027D862 /* CloudKitManager.swift in Sources */,
				652A615A20BBFD1C00A101B3 /* CDStep+CoreDataClass.swift in Sources */,
				652742B520B701AD0027D862 /* Tag.swift in Sources */,
				65EA50E320B5795D008BCBFB /* Persistence.xcdatamodeld in Sources */,
				652742BC20B702440027D862 /* Sharable.swift in Sources */,
				655B0B0F20BC0F2E00CD73B0 /* Constants.swift in Sources */,
				65A0BC7F20B4103600BFC766 /* NetworkManager.swift in Sources */,
				B1608B5A20B7115900701508 /* UIColorExtension.swift in Sources */,
				B105530420AD7E160077983A /* ShareSelectViewController.swift in Sources */,
				652742B220B701AD0027D862 /* Roadmap.swift in Sources */,
				652742B720B701BA0027D862 /* SubscribedRoadmap.swift in Sources */,
				652742B620B701AD0027D862 /* Step.swift in Sources */,
				652A615620BBFD1C00A101B3 /* CDUsedUUID+CoreDataClass.swift in Sources */,
				B10552F320AD7C230077983A /* ShareViewController.swift in Sources */,
				652A615E20BBFD1C00A101B3 /* CDRoadmap+CoreDataClass.swift in Sources */,
			);
			runOnlyForDeploymentPostprocessing = 0;
		};
		B177C47B20A9768B00CD9CBE /* Sources */ = {
			isa = PBXSourcesBuildPhase;
			buildActionMask = 2147483647;
			files = (
				65EA50E220B5795D008BCBFB /* Persistence.xcdatamodeld in Sources */,
				7B91051620B6B955001005AA /* DatabaseInterface.swift in Sources */,
				7BEA03C920B3624B0048F108 /* Tag.swift in Sources */,
				7BEA03C720B361310048F108 /* Taggable.swift in Sources */,
				A0BBA9DC20B30BD8008AE848 /* WritableRoadmap.swift in Sources */,
				904C8FD720B57ED200D0E27D /* ResourcesCollectionTableViewCell.swift in Sources */,
				A0BBA9C920B2F932008AE848 /* Roadmap.swift in Sources */,
				A0BBA9D820B309C0008AE848 /* NodeManager.swift in Sources */,
				655B0B0E20BC0F2E00CD73B0 /* Constants.swift in Sources */,
				652A615520BBFD1C00A101B3 /* CDUsedUUID+CoreDataClass.swift in Sources */,
				B1608B5920B7114900701508 /* UIColorExtension.swift in Sources */,
				652A616120BBFD1C00A101B3 /* CDNode+CoreDataClass.swift in Sources */,
				A0BBA9CB20B2FAF2008AE848 /* Sharable.swift in Sources */,
				B127493120BB417F00C4420C /* AddTagsTableViewCell.swift in Sources */,
				65593DC420B306C7001D6F46 /* StringExtension.swift in Sources */,
				6527432E20B760F20027D862 /* ExploreViewController.swift in Sources */,
				B177C48520A9768B00CD9CBE /* ViewController.swift in Sources */,
				9002AAFD20B40C4400854015 /* CustomCollectionViewCell.swift in Sources */,
				652A615B20BBFD1C00A101B3 /* CDStep+CoreDataProperties.swift in Sources */,
				652A615920BBFD1C00A101B3 /* CDStep+CoreDataClass.swift in Sources */,
				652A616320BBFD1C00A101B3 /* CDNode+CoreDataProperties.swift in Sources */,
				9002AAF920B401EB00854015 /* CollectionTableViewCell.swift in Sources */,
				A0BBA9D320B30845008AE848 /* Updatable.swift in Sources */,
				A0BBA9CF20B30419008AE848 /* Node.swift in Sources */,
				7B5BCB5F20B57E5900B66CEE /* CloudKitManager.swift in Sources */,
				7BB104AC20AEBF1000A203A1 /* Buongiorno.swift in Sources */,
				B127492D20BB33BA00C4420C /* AddResourceTableViewCell.swift in Sources */,
				B18B9A8520BC12B8004FA469 /* UITextFieldExtension.swift in Sources */,
				A0BBA9D120B3068B008AE848 /* Step.swift in Sources */,
				A0BBA9D620B30967008AE848 /* Writable.swift in Sources */,
				652A615F20BBFD1C00A101B3 /* CDRoadmap+CoreDataProperties.swift in Sources */,
				904C8FD520B57D2D00D0E27D /* ResourcesTableViewController.swift in Sources */,
				65EA50F820B6CFEC008BCBFB /* CoreDataController+Stack.swift in Sources */,
				B177C48320A9768B00CD9CBE /* AppDelegate.swift in Sources */,
				9002AAF220B2BFC000854015 /* HeaderTableViewCell.swift in Sources */,
				652A615720BBFD1C00A101B3 /* CDUsedUUID+CoreDataProperties.swift in Sources */,
				9002AAE720B2BDAA00854015 /* RoadmapsTableViewController.swift in Sources */,
				A0BBA9CD20B2FD4C008AE848 /* Enumerations.swift in Sources */,
				A0BBA9DA20B30A48008AE848 /* SubscribedRoadmap.swift in Sources */,
				904C8FDC20B5818A00D0E27D /* ResourcesCustomCollectionViewCell.swift in Sources */,
				B127492A20BB337A00C4420C /* AddResourceTableViewController.swift in Sources */,
				B1608B5320B6B8A300701508 /* LinksTableViewController.swift in Sources */,
				B1608B5620B6C58A00701508 /* CustomLinksTableViewCell.swift in Sources */,
				652A615D20BBFD1C00A101B3 /* CDRoadmap+CoreDataClass.swift in Sources */,
			);
			runOnlyForDeploymentPostprocessing = 0;
		};
		B177C48F20A9768B00CD9CBE /* Sources */ = {
			isa = PBXSourcesBuildPhase;
			buildActionMask = 2147483647;
			files = (
				B177C49820A9768B00CD9CBE /* Final_ChallengeTests.swift in Sources */,
			);
			runOnlyForDeploymentPostprocessing = 0;
		};
		B177C49A20A9768B00CD9CBE /* Sources */ = {
			isa = PBXSourcesBuildPhase;
			buildActionMask = 2147483647;
			files = (
				B177C4A320A9768B00CD9CBE /* Final_ChallengeUITests.swift in Sources */,
			);
			runOnlyForDeploymentPostprocessing = 0;
		};
/* End PBXSourcesBuildPhase section */

/* Begin PBXTargetDependency section */
		B10927B120B83F6900113D47 /* PBXTargetDependency */ = {
			isa = PBXTargetDependency;
			target = B10552EF20AD7C230077983A /* Safari Extension */;
			targetProxy = B10927B020B83F6900113D47 /* PBXContainerItemProxy */;
		};
		B177C49520A9768B00CD9CBE /* PBXTargetDependency */ = {
			isa = PBXTargetDependency;
			target = B177C47E20A9768B00CD9CBE /* Final Challenge */;
			targetProxy = B177C49420A9768B00CD9CBE /* PBXContainerItemProxy */;
		};
		B177C4A020A9768B00CD9CBE /* PBXTargetDependency */ = {
			isa = PBXTargetDependency;
			target = B177C47E20A9768B00CD9CBE /* Final Challenge */;
			targetProxy = B177C49F20A9768B00CD9CBE /* PBXContainerItemProxy */;
		};
/* End PBXTargetDependency section */

/* Begin PBXVariantGroup section */
		90525F9C20B6A7D1006D3093 /* Main.storyboard */ = {
			isa = PBXVariantGroup;
			children = (
				90525F9D20B6A7D1006D3093 /* Base */,
			);
			name = Main.storyboard;
			sourceTree = "<group>";
		};
		B10552F420AD7C230077983A /* MainInterface.storyboard */ = {
			isa = PBXVariantGroup;
			children = (
				B10552F520AD7C230077983A /* Base */,
			);
			name = MainInterface.storyboard;
			sourceTree = "<group>";
		};
		B177C48B20A9768B00CD9CBE /* LaunchScreen.storyboard */ = {
			isa = PBXVariantGroup;
			children = (
				B177C48C20A9768B00CD9CBE /* Base */,
			);
			name = LaunchScreen.storyboard;
			sourceTree = "<group>";
		};
/* End PBXVariantGroup section */

/* Begin XCBuildConfiguration section */
		B10552FC20AD7C230077983A /* Debug */ = {
			isa = XCBuildConfiguration;
			buildSettings = {
				CODE_SIGN_STYLE = Automatic;
				DEVELOPMENT_TEAM = S8Z9T4225J;
				INFOPLIST_FILE = "Safari Extension/Info.plist";
				LD_RUNPATH_SEARCH_PATHS = (
					"$(inherited)",
					"@executable_path/Frameworks",
					"@executable_path/../../Frameworks",
				);
				PRODUCT_BUNDLE_IDENTIFIER = "com.bel-e-buono.final-challenge.safari-extension";
				PRODUCT_NAME = "$(TARGET_NAME)";
				SKIP_INSTALL = YES;
				SWIFT_VERSION = 4.0;
				TARGETED_DEVICE_FAMILY = "1,2";
			};
			name = Debug;
		};
		B10552FD20AD7C230077983A /* Release */ = {
			isa = XCBuildConfiguration;
			buildSettings = {
				CODE_SIGN_STYLE = Automatic;
				DEVELOPMENT_TEAM = S8Z9T4225J;
				INFOPLIST_FILE = "Safari Extension/Info.plist";
				LD_RUNPATH_SEARCH_PATHS = (
					"$(inherited)",
					"@executable_path/Frameworks",
					"@executable_path/../../Frameworks",
				);
				PRODUCT_BUNDLE_IDENTIFIER = "com.bel-e-buono.final-challenge.safari-extension";
				PRODUCT_NAME = "$(TARGET_NAME)";
				SKIP_INSTALL = YES;
				SWIFT_VERSION = 4.0;
				TARGETED_DEVICE_FAMILY = "1,2";
			};
			name = Release;
		};
		B177C4A520A9768B00CD9CBE /* Debug */ = {
			isa = XCBuildConfiguration;
			buildSettings = {
				ALWAYS_SEARCH_USER_PATHS = NO;
				CLANG_ANALYZER_NONNULL = YES;
				CLANG_ANALYZER_NUMBER_OBJECT_CONVERSION = YES_AGGRESSIVE;
				CLANG_CXX_LANGUAGE_STANDARD = "gnu++14";
				CLANG_CXX_LIBRARY = "libc++";
				CLANG_ENABLE_MODULES = YES;
				CLANG_ENABLE_OBJC_ARC = YES;
				CLANG_ENABLE_OBJC_WEAK = YES;
				CLANG_WARN_BLOCK_CAPTURE_AUTORELEASING = YES;
				CLANG_WARN_BOOL_CONVERSION = YES;
				CLANG_WARN_COMMA = YES;
				CLANG_WARN_CONSTANT_CONVERSION = YES;
				CLANG_WARN_DEPRECATED_OBJC_IMPLEMENTATIONS = YES;
				CLANG_WARN_DIRECT_OBJC_ISA_USAGE = YES_ERROR;
				CLANG_WARN_DOCUMENTATION_COMMENTS = YES;
				CLANG_WARN_EMPTY_BODY = YES;
				CLANG_WARN_ENUM_CONVERSION = YES;
				CLANG_WARN_INFINITE_RECURSION = YES;
				CLANG_WARN_INT_CONVERSION = YES;
				CLANG_WARN_NON_LITERAL_NULL_CONVERSION = YES;
				CLANG_WARN_OBJC_IMPLICIT_RETAIN_SELF = YES;
				CLANG_WARN_OBJC_LITERAL_CONVERSION = YES;
				CLANG_WARN_OBJC_ROOT_CLASS = YES_ERROR;
				CLANG_WARN_RANGE_LOOP_ANALYSIS = YES;
				CLANG_WARN_STRICT_PROTOTYPES = YES;
				CLANG_WARN_SUSPICIOUS_MOVE = YES;
				CLANG_WARN_UNGUARDED_AVAILABILITY = YES_AGGRESSIVE;
				CLANG_WARN_UNREACHABLE_CODE = YES;
				CLANG_WARN__DUPLICATE_METHOD_MATCH = YES;
				CODE_SIGN_IDENTITY = "iPhone Developer";
				COPY_PHASE_STRIP = NO;
				DEBUG_INFORMATION_FORMAT = dwarf;
				ENABLE_STRICT_OBJC_MSGSEND = YES;
				ENABLE_TESTABILITY = YES;
				GCC_C_LANGUAGE_STANDARD = gnu11;
				GCC_DYNAMIC_NO_PIC = NO;
				GCC_NO_COMMON_BLOCKS = YES;
				GCC_OPTIMIZATION_LEVEL = 0;
				GCC_PREPROCESSOR_DEFINITIONS = (
					"DEBUG=1",
					"$(inherited)",
				);
				GCC_WARN_64_TO_32_BIT_CONVERSION = YES;
				GCC_WARN_ABOUT_RETURN_TYPE = YES_ERROR;
				GCC_WARN_UNDECLARED_SELECTOR = YES;
				GCC_WARN_UNINITIALIZED_AUTOS = YES_AGGRESSIVE;
				GCC_WARN_UNUSED_FUNCTION = YES;
				GCC_WARN_UNUSED_VARIABLE = YES;
				IPHONEOS_DEPLOYMENT_TARGET = 11.3;
				MTL_ENABLE_DEBUG_INFO = YES;
				ONLY_ACTIVE_ARCH = YES;
				SDKROOT = iphoneos;
				SWIFT_ACTIVE_COMPILATION_CONDITIONS = DEBUG;
				SWIFT_OPTIMIZATION_LEVEL = "-Onone";
			};
			name = Debug;
		};
		B177C4A620A9768B00CD9CBE /* Release */ = {
			isa = XCBuildConfiguration;
			buildSettings = {
				ALWAYS_SEARCH_USER_PATHS = NO;
				CLANG_ANALYZER_NONNULL = YES;
				CLANG_ANALYZER_NUMBER_OBJECT_CONVERSION = YES_AGGRESSIVE;
				CLANG_CXX_LANGUAGE_STANDARD = "gnu++14";
				CLANG_CXX_LIBRARY = "libc++";
				CLANG_ENABLE_MODULES = YES;
				CLANG_ENABLE_OBJC_ARC = YES;
				CLANG_ENABLE_OBJC_WEAK = YES;
				CLANG_WARN_BLOCK_CAPTURE_AUTORELEASING = YES;
				CLANG_WARN_BOOL_CONVERSION = YES;
				CLANG_WARN_COMMA = YES;
				CLANG_WARN_CONSTANT_CONVERSION = YES;
				CLANG_WARN_DEPRECATED_OBJC_IMPLEMENTATIONS = YES;
				CLANG_WARN_DIRECT_OBJC_ISA_USAGE = YES_ERROR;
				CLANG_WARN_DOCUMENTATION_COMMENTS = YES;
				CLANG_WARN_EMPTY_BODY = YES;
				CLANG_WARN_ENUM_CONVERSION = YES;
				CLANG_WARN_INFINITE_RECURSION = YES;
				CLANG_WARN_INT_CONVERSION = YES;
				CLANG_WARN_NON_LITERAL_NULL_CONVERSION = YES;
				CLANG_WARN_OBJC_IMPLICIT_RETAIN_SELF = YES;
				CLANG_WARN_OBJC_LITERAL_CONVERSION = YES;
				CLANG_WARN_OBJC_ROOT_CLASS = YES_ERROR;
				CLANG_WARN_RANGE_LOOP_ANALYSIS = YES;
				CLANG_WARN_STRICT_PROTOTYPES = YES;
				CLANG_WARN_SUSPICIOUS_MOVE = YES;
				CLANG_WARN_UNGUARDED_AVAILABILITY = YES_AGGRESSIVE;
				CLANG_WARN_UNREACHABLE_CODE = YES;
				CLANG_WARN__DUPLICATE_METHOD_MATCH = YES;
				CODE_SIGN_IDENTITY = "iPhone Developer";
				COPY_PHASE_STRIP = NO;
				DEBUG_INFORMATION_FORMAT = "dwarf-with-dsym";
				ENABLE_NS_ASSERTIONS = NO;
				ENABLE_STRICT_OBJC_MSGSEND = YES;
				GCC_C_LANGUAGE_STANDARD = gnu11;
				GCC_NO_COMMON_BLOCKS = YES;
				GCC_WARN_64_TO_32_BIT_CONVERSION = YES;
				GCC_WARN_ABOUT_RETURN_TYPE = YES_ERROR;
				GCC_WARN_UNDECLARED_SELECTOR = YES;
				GCC_WARN_UNINITIALIZED_AUTOS = YES_AGGRESSIVE;
				GCC_WARN_UNUSED_FUNCTION = YES;
				GCC_WARN_UNUSED_VARIABLE = YES;
				IPHONEOS_DEPLOYMENT_TARGET = 11.3;
				MTL_ENABLE_DEBUG_INFO = NO;
				SDKROOT = iphoneos;
				SWIFT_COMPILATION_MODE = wholemodule;
				SWIFT_OPTIMIZATION_LEVEL = "-O";
				VALIDATE_PRODUCT = YES;
			};
			name = Release;
		};
		B177C4A820A9768B00CD9CBE /* Debug */ = {
			isa = XCBuildConfiguration;
			buildSettings = {
				ALWAYS_EMBED_SWIFT_STANDARD_LIBRARIES = YES;
				ASSETCATALOG_COMPILER_APPICON_NAME = AppIcon;
				CODE_SIGN_ENTITLEMENTS = "Final Challenge/Final Challenge.entitlements";
				CODE_SIGN_STYLE = Automatic;
				DEVELOPMENT_TEAM = S8Z9T4225J;
				INFOPLIST_FILE = "Final Challenge/Info.plist";
				LD_RUNPATH_SEARCH_PATHS = (
					"$(inherited)",
					"@executable_path/Frameworks",
				);
				PRODUCT_BUNDLE_IDENTIFIER = "com.bel-e-buono.final-challenge";
				PRODUCT_NAME = "$(TARGET_NAME)";
				SWIFT_VERSION = 4.0;
				TARGETED_DEVICE_FAMILY = "1,2";
			};
			name = Debug;
		};
		B177C4A920A9768B00CD9CBE /* Release */ = {
			isa = XCBuildConfiguration;
			buildSettings = {
				ALWAYS_EMBED_SWIFT_STANDARD_LIBRARIES = YES;
				ASSETCATALOG_COMPILER_APPICON_NAME = AppIcon;
				CODE_SIGN_ENTITLEMENTS = "Final Challenge/Final Challenge.entitlements";
				CODE_SIGN_STYLE = Automatic;
				DEVELOPMENT_TEAM = S8Z9T4225J;
				INFOPLIST_FILE = "Final Challenge/Info.plist";
				LD_RUNPATH_SEARCH_PATHS = (
					"$(inherited)",
					"@executable_path/Frameworks",
				);
				PRODUCT_BUNDLE_IDENTIFIER = "com.bel-e-buono.final-challenge";
				PRODUCT_NAME = "$(TARGET_NAME)";
				SWIFT_VERSION = 4.0;
				TARGETED_DEVICE_FAMILY = "1,2";
			};
			name = Release;
		};
		B177C4AB20A9768B00CD9CBE /* Debug */ = {
			isa = XCBuildConfiguration;
			buildSettings = {
				ALWAYS_EMBED_SWIFT_STANDARD_LIBRARIES = YES;
				BUNDLE_LOADER = "$(TEST_HOST)";
				CODE_SIGN_STYLE = Automatic;
				DEVELOPMENT_TEAM = S8Z9T4225J;
				INFOPLIST_FILE = "Final ChallengeTests/Info.plist";
				LD_RUNPATH_SEARCH_PATHS = (
					"$(inherited)",
					"@executable_path/Frameworks",
					"@loader_path/Frameworks",
				);
				PRODUCT_BUNDLE_IDENTIFIER = "Gian-Marco-Orlando.Final-ChallengeTests";
				PRODUCT_NAME = "$(TARGET_NAME)";
				SWIFT_VERSION = 4.0;
				TARGETED_DEVICE_FAMILY = "1,2";
				TEST_HOST = "$(BUILT_PRODUCTS_DIR)/Final Challenge.app/Final Challenge";
			};
			name = Debug;
		};
		B177C4AC20A9768B00CD9CBE /* Release */ = {
			isa = XCBuildConfiguration;
			buildSettings = {
				ALWAYS_EMBED_SWIFT_STANDARD_LIBRARIES = YES;
				BUNDLE_LOADER = "$(TEST_HOST)";
				CODE_SIGN_STYLE = Automatic;
				DEVELOPMENT_TEAM = S8Z9T4225J;
				INFOPLIST_FILE = "Final ChallengeTests/Info.plist";
				LD_RUNPATH_SEARCH_PATHS = (
					"$(inherited)",
					"@executable_path/Frameworks",
					"@loader_path/Frameworks",
				);
				PRODUCT_BUNDLE_IDENTIFIER = "Gian-Marco-Orlando.Final-ChallengeTests";
				PRODUCT_NAME = "$(TARGET_NAME)";
				SWIFT_VERSION = 4.0;
				TARGETED_DEVICE_FAMILY = "1,2";
				TEST_HOST = "$(BUILT_PRODUCTS_DIR)/Final Challenge.app/Final Challenge";
			};
			name = Release;
		};
		B177C4AE20A9768B00CD9CBE /* Debug */ = {
			isa = XCBuildConfiguration;
			buildSettings = {
				ALWAYS_EMBED_SWIFT_STANDARD_LIBRARIES = YES;
				CODE_SIGN_STYLE = Automatic;
				DEVELOPMENT_TEAM = S8Z9T4225J;
				INFOPLIST_FILE = "Final ChallengeUITests/Info.plist";
				LD_RUNPATH_SEARCH_PATHS = (
					"$(inherited)",
					"@executable_path/Frameworks",
					"@loader_path/Frameworks",
				);
				PRODUCT_BUNDLE_IDENTIFIER = "Gian-Marco-Orlando.Final-ChallengeUITests";
				PRODUCT_NAME = "$(TARGET_NAME)";
				SWIFT_VERSION = 4.0;
				TARGETED_DEVICE_FAMILY = "1,2";
				TEST_TARGET_NAME = "Final Challenge";
			};
			name = Debug;
		};
		B177C4AF20A9768B00CD9CBE /* Release */ = {
			isa = XCBuildConfiguration;
			buildSettings = {
				ALWAYS_EMBED_SWIFT_STANDARD_LIBRARIES = YES;
				CODE_SIGN_STYLE = Automatic;
				DEVELOPMENT_TEAM = S8Z9T4225J;
				INFOPLIST_FILE = "Final ChallengeUITests/Info.plist";
				LD_RUNPATH_SEARCH_PATHS = (
					"$(inherited)",
					"@executable_path/Frameworks",
					"@loader_path/Frameworks",
				);
				PRODUCT_BUNDLE_IDENTIFIER = "Gian-Marco-Orlando.Final-ChallengeUITests";
				PRODUCT_NAME = "$(TARGET_NAME)";
				SWIFT_VERSION = 4.0;
				TARGETED_DEVICE_FAMILY = "1,2";
				TEST_TARGET_NAME = "Final Challenge";
			};
			name = Release;
		};
/* End XCBuildConfiguration section */

/* Begin XCConfigurationList section */
		B10552FB20AD7C230077983A /* Build configuration list for PBXNativeTarget "Safari Extension" */ = {
			isa = XCConfigurationList;
			buildConfigurations = (
				B10552FC20AD7C230077983A /* Debug */,
				B10552FD20AD7C230077983A /* Release */,
			);
			defaultConfigurationIsVisible = 0;
			defaultConfigurationName = Release;
		};
		B177C47A20A9768B00CD9CBE /* Build configuration list for PBXProject "Final Challenge" */ = {
			isa = XCConfigurationList;
			buildConfigurations = (
				B177C4A520A9768B00CD9CBE /* Debug */,
				B177C4A620A9768B00CD9CBE /* Release */,
			);
			defaultConfigurationIsVisible = 0;
			defaultConfigurationName = Release;
		};
		B177C4A720A9768B00CD9CBE /* Build configuration list for PBXNativeTarget "Final Challenge" */ = {
			isa = XCConfigurationList;
			buildConfigurations = (
				B177C4A820A9768B00CD9CBE /* Debug */,
				B177C4A920A9768B00CD9CBE /* Release */,
			);
			defaultConfigurationIsVisible = 0;
			defaultConfigurationName = Release;
		};
		B177C4AA20A9768B00CD9CBE /* Build configuration list for PBXNativeTarget "Final ChallengeTests" */ = {
			isa = XCConfigurationList;
			buildConfigurations = (
				B177C4AB20A9768B00CD9CBE /* Debug */,
				B177C4AC20A9768B00CD9CBE /* Release */,
			);
			defaultConfigurationIsVisible = 0;
			defaultConfigurationName = Release;
		};
		B177C4AD20A9768B00CD9CBE /* Build configuration list for PBXNativeTarget "Final ChallengeUITests" */ = {
			isa = XCConfigurationList;
			buildConfigurations = (
				B177C4AE20A9768B00CD9CBE /* Debug */,
				B177C4AF20A9768B00CD9CBE /* Release */,
			);
			defaultConfigurationIsVisible = 0;
			defaultConfigurationName = Release;
		};
/* End XCConfigurationList section */

/* Begin XCVersionGroup section */
		65EA50E020B5795D008BCBFB /* Persistence.xcdatamodeld */ = {
			isa = XCVersionGroup;
			children = (
				65EA50E120B5795D008BCBFB /* Persistence.xcdatamodel */,
			);
			currentVersion = 65EA50E120B5795D008BCBFB /* Persistence.xcdatamodel */;
			path = Persistence.xcdatamodeld;
			sourceTree = "<group>";
			versionGroupType = wrapper.xcdatamodel;
		};
/* End XCVersionGroup section */
	};
	rootObject = B177C47720A9768B00CD9CBE /* Project object */;
}
